
Microsoft Visual Studio Solution File, Format Version 11.00
# Visual Studio 2010
Project("{FAE04EC0-301F-11D3-BF4B-00C04F79EFBC}") = "DaxStudio", "DaxStudio\DaxStudio.csproj", "{C8769178-B109-4155-ABC2-F4E4587642DB}"
EndProject
Project("{54435603-DBB4-11D2-8724-00A0C9A8B90C}") = "DaxStudioSetup", "DaxStudioSetup\DaxStudioSetup.vdproj", "{483CA0B6-FDE0-474E-A8B6-46DC058E49DF}"
EndProject
Project("{FAE04EC0-301F-11D3-BF4B-00C04F79EFBC}") = "DAXEditor", "DAXEditor\DAXEditor.csproj", "{EE4788C1-DCA6-465F-8049-28CEACE6586F}"
EndProject
Project("{FAE04EC0-301F-11D3-BF4B-00C04F79EFBC}") = "ADOTabular", "ADOTabular\ADOTabular.csproj", "{DC91C987-2AEB-4F82-B8BA-3FF6A5614ED7}"
EndProject
Global
	GlobalSection(TeamFoundationVersionControl) = preSolution
		SccNumberOfProjects = 5
		SccEnterpriseProvider = {4CA58AB2-18FA-4F8D-95D4-32DDF27D184C}
		SccTeamFoundationServer = https://tfs.codeplex.com/tfs/tfs01
		SccLocalPath0 = .
		SccProjectUniqueName1 = DaxStudio\\DaxStudio.csproj
		SccProjectName1 = DaxStudio
		SccLocalPath1 = DaxStudio
		SccProjectUniqueName2 = DaxStudioSetup\\DaxStudioSetup.vdproj
		SccProjectName2 = DaxStudioSetup
		SccLocalPath2 = DaxStudioSetup
		SccProjectUniqueName3 = DAXEditor\\DAXEditor.csproj
		SccProjectName3 = DAXEditor
		SccLocalPath3 = DAXEditor
		SccProjectUniqueName4 = ADOTabular\\ADOTabular.csproj
		SccProjectName4 = ADOTabular
		SccLocalPath4 = ADOTabular
	EndGlobalSection
	GlobalSection(SolutionConfigurationPlatforms) = preSolution
		CD_ROM|Any CPU = CD_ROM|Any CPU
		Debug Exel 2013|Any CPU = Debug Exel 2013|Any CPU
		Debug|Any CPU = Debug|Any CPU
		DVD-5|Any CPU = DVD-5|Any CPU
		Release|Any CPU = Release|Any CPU
		Release64|Any CPU = Release64|Any CPU
		SingleImage|Any CPU = SingleImage|Any CPU
	EndGlobalSection
	GlobalSection(ProjectConfigurationPlatforms) = postSolution
		{C8769178-B109-4155-ABC2-F4E4587642DB}.CD_ROM|Any CPU.ActiveCfg = Release|Any CPU
		{C8769178-B109-4155-ABC2-F4E4587642DB}.CD_ROM|Any CPU.Build.0 = Release|Any CPU
		{C8769178-B109-4155-ABC2-F4E4587642DB}.Debug Exel 2013|Any CPU.ActiveCfg = Debug Exel 2013|Any CPU
		{C8769178-B109-4155-ABC2-F4E4587642DB}.Debug Exel 2013|Any CPU.Build.0 = Debug Exel 2013|Any CPU
		{C8769178-B109-4155-ABC2-F4E4587642DB}.Debug|Any CPU.ActiveCfg = Debug|Any CPU
		{C8769178-B109-4155-ABC2-F4E4587642DB}.Debug|Any CPU.Build.0 = Debug|Any CPU
		{C8769178-B109-4155-ABC2-F4E4587642DB}.DVD-5|Any CPU.ActiveCfg = Debug|Any CPU
		{C8769178-B109-4155-ABC2-F4E4587642DB}.DVD-5|Any CPU.Build.0 = Debug|Any CPU
		{C8769178-B109-4155-ABC2-F4E4587642DB}.Release|Any CPU.ActiveCfg = Release|Any CPU
		{C8769178-B109-4155-ABC2-F4E4587642DB}.Release|Any CPU.Build.0 = Release|Any CPU
		{C8769178-B109-4155-ABC2-F4E4587642DB}.Release64|Any CPU.ActiveCfg = Release|Any CPU
		{C8769178-B109-4155-ABC2-F4E4587642DB}.Release64|Any CPU.Build.0 = Release|Any CPU
		{C8769178-B109-4155-ABC2-F4E4587642DB}.SingleImage|Any CPU.ActiveCfg = Release|Any CPU
		{C8769178-B109-4155-ABC2-F4E4587642DB}.SingleImage|Any CPU.Build.0 = Release|Any CPU
		{483CA0B6-FDE0-474E-A8B6-46DC058E49DF}.CD_ROM|Any CPU.ActiveCfg = Release
		{483CA0B6-FDE0-474E-A8B6-46DC058E49DF}.CD_ROM|Any CPU.Build.0 = Release
		{483CA0B6-FDE0-474E-A8B6-46DC058E49DF}.Debug Exel 2013|Any CPU.ActiveCfg = Debug Exel 2013
		{483CA0B6-FDE0-474E-A8B6-46DC058E49DF}.Debug|Any CPU.ActiveCfg = Debug
		{483CA0B6-FDE0-474E-A8B6-46DC058E49DF}.DVD-5|Any CPU.ActiveCfg = Debug
		{483CA0B6-FDE0-474E-A8B6-46DC058E49DF}.DVD-5|Any CPU.Build.0 = Debug
		{483CA0B6-FDE0-474E-A8B6-46DC058E49DF}.Release|Any CPU.ActiveCfg = Release
		{483CA0B6-FDE0-474E-A8B6-46DC058E49DF}.Release64|Any CPU.ActiveCfg = Release64
		{483CA0B6-FDE0-474E-A8B6-46DC058E49DF}.Release64|Any CPU.Build.0 = Release64
		{483CA0B6-FDE0-474E-A8B6-46DC058E49DF}.SingleImage|Any CPU.ActiveCfg = Release
		{483CA0B6-FDE0-474E-A8B6-46DC058E49DF}.SingleImage|Any CPU.Build.0 = Release
		{EE4788C1-DCA6-465F-8049-28CEACE6586F}.CD_ROM|Any CPU.ActiveCfg = Release|Any CPU
		{EE4788C1-DCA6-465F-8049-28CEACE6586F}.CD_ROM|Any CPU.Build.0 = Release|Any CPU
		{EE4788C1-DCA6-465F-8049-28CEACE6586F}.Debug Exel 2013|Any CPU.ActiveCfg = Debug Exel 2013|Any CPU
		{EE4788C1-DCA6-465F-8049-28CEACE6586F}.Debug Exel 2013|Any CPU.Build.0 = Debug Exel 2013|Any CPU
		{EE4788C1-DCA6-465F-8049-28CEACE6586F}.Debug|Any CPU.ActiveCfg = Debug|Any CPU
		{EE4788C1-DCA6-465F-8049-28CEACE6586F}.Debug|Any CPU.Build.0 = Debug|Any CPU
		{EE4788C1-DCA6-465F-8049-28CEACE6586F}.DVD-5|Any CPU.ActiveCfg = Debug|Any CPU
		{EE4788C1-DCA6-465F-8049-28CEACE6586F}.DVD-5|Any CPU.Build.0 = Debug|Any CPU
		{EE4788C1-DCA6-465F-8049-28CEACE6586F}.Release|Any CPU.ActiveCfg = Release|Any CPU
		{EE4788C1-DCA6-465F-8049-28CEACE6586F}.Release|Any CPU.Build.0 = Release|Any CPU
		{EE4788C1-DCA6-465F-8049-28CEACE6586F}.Release64|Any CPU.ActiveCfg = Release|Any CPU
		{EE4788C1-DCA6-465F-8049-28CEACE6586F}.Release64|Any CPU.Build.0 = Release|Any CPU
		{EE4788C1-DCA6-465F-8049-28CEACE6586F}.SingleImage|Any CPU.ActiveCfg = Release|Any CPU
		{EE4788C1-DCA6-465F-8049-28CEACE6586F}.SingleImage|Any CPU.Build.0 = Release|Any CPU
		{DC91C987-2AEB-4F82-B8BA-3FF6A5614ED7}.CD_ROM|Any CPU.ActiveCfg = Release|Any CPU
		{DC91C987-2AEB-4F82-B8BA-3FF6A5614ED7}.CD_ROM|Any CPU.Build.0 = Release|Any CPU
		{DC91C987-2AEB-4F82-B8BA-3FF6A5614ED7}.Debug Exel 2013|Any CPU.ActiveCfg = Debug Exel 2013|Any CPU
		{DC91C987-2AEB-4F82-B8BA-3FF6A5614ED7}.Debug Exel 2013|Any CPU.Build.0 = Debug Exel 2013|Any CPU
		{DC91C987-2AEB-4F82-B8BA-3FF6A5614ED7}.Debug|Any CPU.ActiveCfg = Debug|Any CPU
		{DC91C987-2AEB-4F82-B8BA-3FF6A5614ED7}.Debug|Any CPU.Build.0 = Debug|Any CPU
		{DC91C987-2AEB-4F82-B8BA-3FF6A5614ED7}.DVD-5|Any CPU.ActiveCfg = Debug|Any CPU
		{DC91C987-2AEB-4F82-B8BA-3FF6A5614ED7}.DVD-5|Any CPU.Build.0 = Debug|Any CPU
		{DC91C987-2AEB-4F82-B8BA-3FF6A5614ED7}.Release|Any CPU.ActiveCfg = Release|Any CPU
		{DC91C987-2AEB-4F82-B8BA-3FF6A5614ED7}.Release|Any CPU.Build.0 = Release|Any CPU
		{DC91C987-2AEB-4F82-B8BA-3FF6A5614ED7}.Release64|Any CPU.ActiveCfg = Release|Any CPU
		{DC91C987-2AEB-4F82-B8BA-3FF6A5614ED7}.Release64|Any CPU.Build.0 = Release|Any CPU
		{DC91C987-2AEB-4F82-B8BA-3FF6A5614ED7}.SingleImage|Any CPU.ActiveCfg = Release|Any CPU
		{DC91C987-2AEB-4F82-B8BA-3FF6A5614ED7}.SingleImage|Any CPU.Build.0 = Release|Any CPU
	EndGlobalSection
	GlobalSection(SolutionProperties) = preSolution
		HideSolutionNode = FALSE
	EndGlobalSection
EndGlobal
