
Microsoft Visual Studio Solution File, Format Version 12.00
# Visual Studio 2013
VisualStudioVersion = 12.0.21005.1
MinimumVisualStudioVersion = 10.0.40219.1
Project("{2150E333-8FDC-42A3-9474-1A3956D46DE8}") = "Solution Items", "Solution Items", "{E04330FA-13D0-4B47-BE99-31B788340C09}"
	ProjectSection(SolutionItems) = preProject
		CommonAssemblyInfo.cs = CommonAssemblyInfo.cs
		CurrentReleaseVersion.xml = CurrentReleaseVersion.xml
		DaxStudio.vsmdi = DaxStudio.vsmdi
		Local.testsettings = Local.testsettings
		TraceAndTestImpact.testsettings = TraceAndTestImpact.testsettings
	EndProjectSection
EndProject
Project("{FAE04EC0-301F-11D3-BF4B-00C04F79EFBC}") = "DaxStudio.ExcelAddin", "DaxStudio\DaxStudio.ExcelAddin.csproj", "{C8769178-B109-4155-ABC2-F4E4587642DB}"
	ProjectSection(ProjectDependencies) = postProject
		{5EFEFF14-3052-4DC1-B020-8E259062B899} = {5EFEFF14-3052-4DC1-B020-8E259062B899}
		{EE4788C1-DCA6-465F-8049-28CEACE6586F} = {EE4788C1-DCA6-465F-8049-28CEACE6586F}
		{F92E0BFC-F721-4A08-A4FA-77DC019B14F6} = {F92E0BFC-F721-4A08-A4FA-77DC019B14F6}
	EndProjectSection
EndProject
Project("{FAE04EC0-301F-11D3-BF4B-00C04F79EFBC}") = "DAXEditor", "DAXEditor\DAXEditor.csproj", "{EE4788C1-DCA6-465F-8049-28CEACE6586F}"
EndProject
Project("{FAE04EC0-301F-11D3-BF4B-00C04F79EFBC}") = "ADOTabular", "ADOTabular\ADOTabular.csproj", "{DC91C987-2AEB-4F82-B8BA-3FF6A5614ED7}"
EndProject
Project("{FAE04EC0-301F-11D3-BF4B-00C04F79EFBC}") = "DaxStudio.Interfaces", "DaxStudio.Interfaces\DaxStudio.Interfaces.csproj", "{9CDCCC97-CA3B-4BDF-B062-DA0266387B76}"
EndProject
Project("{FAE04EC0-301F-11D3-BF4B-00C04F79EFBC}") = "DaxStudio.Standalone", "DaxStudio.Standalone\DaxStudio.Standalone.csproj", "{F92E0BFC-F721-4A08-A4FA-77DC019B14F6}"
	ProjectSection(ProjectDependencies) = postProject
		{EE4788C1-DCA6-465F-8049-28CEACE6586F} = {EE4788C1-DCA6-465F-8049-28CEACE6586F}
	EndProjectSection
EndProject
Project("{FAE04EC0-301F-11D3-BF4B-00C04F79EFBC}") = "DaxStudio.UI", "DaxStudio.UI\DaxStudio.UI.csproj", "{5EFEFF14-3052-4DC1-B020-8E259062B899}"
EndProject
Project("{FAE04EC0-301F-11D3-BF4B-00C04F79EFBC}") = "DaxStudio.Tests", "DaxStudio.Tests\DaxStudio.Tests.csproj", "{D1ED8FBD-8493-496F-9229-497DD526E1C9}"
EndProject
Project("{FAE04EC0-301F-11D3-BF4B-00C04F79EFBC}") = "DaxStudio.UI.Experiments", "DaxStudio.UI.Experiments\DaxStudio.UI.Experiments.csproj", "{549CA754-6E2F-4354-804C-9AB5824EE94C}"
EndProject
Global
	GlobalSection(TeamFoundationVersionControl) = preSolution
		SccNumberOfProjects = 9
		SccEnterpriseProvider = {4CA58AB2-18FA-4F8D-95D4-32DDF27D184C}
		SccTeamFoundationServer = https://tfs.codeplex.com/tfs/tfs01
		SccLocalPath0 = .
		SccProjectUniqueName1 = DAXEditor\\DAXEditor.csproj
		SccProjectName1 = DAXEditor
		SccLocalPath1 = DAXEditor
		SccProjectUniqueName2 = ADOTabular\\ADOTabular.csproj
		SccProjectName2 = ADOTabular
		SccLocalPath2 = ADOTabular
		SccProjectUniqueName3 = DaxStudio.Interfaces\\DaxStudio.Interfaces.csproj
		SccProjectName3 = DaxStudio.Interfaces
		SccLocalPath3 = DaxStudio.Interfaces
		SccProjectUniqueName4 = DaxStudio\\DaxStudio.ExcelAddin.csproj
		SccProjectName4 = DaxStudio
		SccLocalPath4 = DaxStudio
		SccProjectUniqueName5 = DaxStudio.Standalone\\DaxStudio.Standalone.csproj
		SccProjectName5 = DaxStudio.Standalone
		SccLocalPath5 = DaxStudio.Standalone
		SccProjectUniqueName6 = DaxStudio.UI\\DaxStudio.UI.csproj
		SccProjectName6 = DaxStudio.UI
		SccLocalPath6 = DaxStudio.UI
		SccProjectUniqueName7 = DaxStudio.Tests\\DaxStudio.Tests.csproj
		SccProjectName7 = DaxStudio.Tests
		SccLocalPath7 = DaxStudio.Tests
		SccProjectUniqueName8 = DaxStudio.UI.Experiments\\DaxStudio.UI.Experiments.csproj
		SccProjectName8 = DaxStudio.UI.Experiments
		SccLocalPath8 = DaxStudio.UI.Experiments
	EndGlobalSection
	GlobalSection(SolutionConfigurationPlatforms) = preSolution
		CD_ROM|Any CPU = CD_ROM|Any CPU
		CD_ROM|Mixed Platforms = CD_ROM|Mixed Platforms
		CD_ROM|x64 = CD_ROM|x64
		CD_ROM|x86 = CD_ROM|x86
		Debug Excel 2013|Any CPU = Debug Excel 2013|Any CPU
		Debug Excel 2013|Mixed Platforms = Debug Excel 2013|Mixed Platforms
		Debug Excel 2013|x64 = Debug Excel 2013|x64
		Debug Excel 2013|x86 = Debug Excel 2013|x86
		Debug Standalone|Any CPU = Debug Standalone|Any CPU
		Debug Standalone|Mixed Platforms = Debug Standalone|Mixed Platforms
		Debug Standalone|x64 = Debug Standalone|x64
		Debug Standalone|x86 = Debug Standalone|x86
		Debug|Any CPU = Debug|Any CPU
		Debug|Mixed Platforms = Debug|Mixed Platforms
		Debug|x64 = Debug|x64
		Debug|x86 = Debug|x86
		DVD-5|Any CPU = DVD-5|Any CPU
		DVD-5|Mixed Platforms = DVD-5|Mixed Platforms
		DVD-5|x64 = DVD-5|x64
		DVD-5|x86 = DVD-5|x86
		Release|Any CPU = Release|Any CPU
		Release|Mixed Platforms = Release|Mixed Platforms
		Release|x64 = Release|x64
		Release|x86 = Release|x86
		Release64|Any CPU = Release64|Any CPU
		Release64|Mixed Platforms = Release64|Mixed Platforms
		Release64|x64 = Release64|x64
		Release64|x86 = Release64|x86
		SingleImage|Any CPU = SingleImage|Any CPU
		SingleImage|Mixed Platforms = SingleImage|Mixed Platforms
		SingleImage|x64 = SingleImage|x64
		SingleImage|x86 = SingleImage|x86
	EndGlobalSection
	GlobalSection(ProjectConfigurationPlatforms) = postSolution
		{C8769178-B109-4155-ABC2-F4E4587642DB}.CD_ROM|Any CPU.ActiveCfg = Release|Any CPU
		{C8769178-B109-4155-ABC2-F4E4587642DB}.CD_ROM|Any CPU.Build.0 = Release|Any CPU
		{C8769178-B109-4155-ABC2-F4E4587642DB}.CD_ROM|Mixed Platforms.ActiveCfg = Debug Excel 2013|Any CPU
		{C8769178-B109-4155-ABC2-F4E4587642DB}.CD_ROM|Mixed Platforms.Build.0 = Debug Excel 2013|Any CPU
		{C8769178-B109-4155-ABC2-F4E4587642DB}.CD_ROM|x64.ActiveCfg = Debug Excel 2013|Any CPU
		{C8769178-B109-4155-ABC2-F4E4587642DB}.CD_ROM|x86.ActiveCfg = Debug Excel 2013|Any CPU
		{C8769178-B109-4155-ABC2-F4E4587642DB}.Debug Excel 2013|Any CPU.ActiveCfg = Debug Excel 2013|Any CPU
		{C8769178-B109-4155-ABC2-F4E4587642DB}.Debug Excel 2013|Any CPU.Build.0 = Debug Excel 2013|Any CPU
		{C8769178-B109-4155-ABC2-F4E4587642DB}.Debug Excel 2013|Mixed Platforms.ActiveCfg = Debug Excel 2013|Any CPU
		{C8769178-B109-4155-ABC2-F4E4587642DB}.Debug Excel 2013|Mixed Platforms.Build.0 = Debug Excel 2013|Any CPU
		{C8769178-B109-4155-ABC2-F4E4587642DB}.Debug Excel 2013|x64.ActiveCfg = Debug Excel 2013|Any CPU
		{C8769178-B109-4155-ABC2-F4E4587642DB}.Debug Excel 2013|x86.ActiveCfg = Debug Excel 2013|Any CPU
		{C8769178-B109-4155-ABC2-F4E4587642DB}.Debug Standalone|Any CPU.ActiveCfg = Debug Standalone|Any CPU
		{C8769178-B109-4155-ABC2-F4E4587642DB}.Debug Standalone|Mixed Platforms.ActiveCfg = Debug Standalone|Any CPU
		{C8769178-B109-4155-ABC2-F4E4587642DB}.Debug Standalone|x64.ActiveCfg = Debug Standalone|Any CPU
		{C8769178-B109-4155-ABC2-F4E4587642DB}.Debug Standalone|x86.ActiveCfg = Debug Standalone|Any CPU
		{C8769178-B109-4155-ABC2-F4E4587642DB}.Debug|Any CPU.ActiveCfg = Debug|Any CPU
		{C8769178-B109-4155-ABC2-F4E4587642DB}.Debug|Any CPU.Build.0 = Debug|Any CPU
		{C8769178-B109-4155-ABC2-F4E4587642DB}.Debug|Mixed Platforms.ActiveCfg = Debug|Any CPU
		{C8769178-B109-4155-ABC2-F4E4587642DB}.Debug|Mixed Platforms.Build.0 = Debug|Any CPU
		{C8769178-B109-4155-ABC2-F4E4587642DB}.Debug|x64.ActiveCfg = Debug|Any CPU
		{C8769178-B109-4155-ABC2-F4E4587642DB}.Debug|x86.ActiveCfg = Debug|Any CPU
		{C8769178-B109-4155-ABC2-F4E4587642DB}.DVD-5|Any CPU.ActiveCfg = Debug|Any CPU
		{C8769178-B109-4155-ABC2-F4E4587642DB}.DVD-5|Any CPU.Build.0 = Debug|Any CPU
		{C8769178-B109-4155-ABC2-F4E4587642DB}.DVD-5|Mixed Platforms.ActiveCfg = Debug Excel 2013|Any CPU
		{C8769178-B109-4155-ABC2-F4E4587642DB}.DVD-5|Mixed Platforms.Build.0 = Debug Excel 2013|Any CPU
		{C8769178-B109-4155-ABC2-F4E4587642DB}.DVD-5|x64.ActiveCfg = Debug Excel 2013|Any CPU
		{C8769178-B109-4155-ABC2-F4E4587642DB}.DVD-5|x86.ActiveCfg = Debug Excel 2013|Any CPU
		{C8769178-B109-4155-ABC2-F4E4587642DB}.Release|Any CPU.ActiveCfg = Release|Any CPU
		{C8769178-B109-4155-ABC2-F4E4587642DB}.Release|Any CPU.Build.0 = Release|Any CPU
		{C8769178-B109-4155-ABC2-F4E4587642DB}.Release|Mixed Platforms.ActiveCfg = Release|Any CPU
		{C8769178-B109-4155-ABC2-F4E4587642DB}.Release|Mixed Platforms.Build.0 = Release|Any CPU
		{C8769178-B109-4155-ABC2-F4E4587642DB}.Release|x64.ActiveCfg = Release|Any CPU
		{C8769178-B109-4155-ABC2-F4E4587642DB}.Release|x86.ActiveCfg = Release|Any CPU
		{C8769178-B109-4155-ABC2-F4E4587642DB}.Release64|Any CPU.ActiveCfg = Release64|Any CPU
		{C8769178-B109-4155-ABC2-F4E4587642DB}.Release64|Any CPU.Build.0 = Release64|Any CPU
		{C8769178-B109-4155-ABC2-F4E4587642DB}.Release64|Mixed Platforms.ActiveCfg = Release64|Any CPU
		{C8769178-B109-4155-ABC2-F4E4587642DB}.Release64|Mixed Platforms.Build.0 = Release64|Any CPU
		{C8769178-B109-4155-ABC2-F4E4587642DB}.Release64|x64.ActiveCfg = Release64|Any CPU
		{C8769178-B109-4155-ABC2-F4E4587642DB}.Release64|x86.ActiveCfg = Release64|Any CPU
		{C8769178-B109-4155-ABC2-F4E4587642DB}.SingleImage|Any CPU.ActiveCfg = Release|Any CPU
		{C8769178-B109-4155-ABC2-F4E4587642DB}.SingleImage|Any CPU.Build.0 = Release|Any CPU
		{C8769178-B109-4155-ABC2-F4E4587642DB}.SingleImage|Mixed Platforms.ActiveCfg = Debug Excel 2013|Any CPU
		{C8769178-B109-4155-ABC2-F4E4587642DB}.SingleImage|Mixed Platforms.Build.0 = Debug Excel 2013|Any CPU
		{C8769178-B109-4155-ABC2-F4E4587642DB}.SingleImage|x64.ActiveCfg = Debug Excel 2013|Any CPU
		{C8769178-B109-4155-ABC2-F4E4587642DB}.SingleImage|x86.ActiveCfg = Debug Excel 2013|Any CPU
		{EE4788C1-DCA6-465F-8049-28CEACE6586F}.CD_ROM|Any CPU.ActiveCfg = Release|Any CPU
		{EE4788C1-DCA6-465F-8049-28CEACE6586F}.CD_ROM|Any CPU.Build.0 = Release|Any CPU
		{EE4788C1-DCA6-465F-8049-28CEACE6586F}.CD_ROM|Mixed Platforms.ActiveCfg = Debug Excel 2013|Any CPU
		{EE4788C1-DCA6-465F-8049-28CEACE6586F}.CD_ROM|Mixed Platforms.Build.0 = Debug Excel 2013|Any CPU
		{EE4788C1-DCA6-465F-8049-28CEACE6586F}.CD_ROM|x64.ActiveCfg = Debug Excel 2013|Any CPU
		{EE4788C1-DCA6-465F-8049-28CEACE6586F}.CD_ROM|x86.ActiveCfg = Debug Excel 2013|Any CPU
		{EE4788C1-DCA6-465F-8049-28CEACE6586F}.Debug Excel 2013|Any CPU.ActiveCfg = Debug Excel 2013|Any CPU
		{EE4788C1-DCA6-465F-8049-28CEACE6586F}.Debug Excel 2013|Any CPU.Build.0 = Debug Excel 2013|Any CPU
		{EE4788C1-DCA6-465F-8049-28CEACE6586F}.Debug Excel 2013|Mixed Platforms.ActiveCfg = Debug Excel 2013|Any CPU
		{EE4788C1-DCA6-465F-8049-28CEACE6586F}.Debug Excel 2013|Mixed Platforms.Build.0 = Debug Excel 2013|Any CPU
		{EE4788C1-DCA6-465F-8049-28CEACE6586F}.Debug Excel 2013|x64.ActiveCfg = Debug Excel 2013|Any CPU
		{EE4788C1-DCA6-465F-8049-28CEACE6586F}.Debug Excel 2013|x86.ActiveCfg = Debug Excel 2013|Any CPU
		{EE4788C1-DCA6-465F-8049-28CEACE6586F}.Debug Standalone|Any CPU.ActiveCfg = Debug Standalone|Any CPU
		{EE4788C1-DCA6-465F-8049-28CEACE6586F}.Debug Standalone|Any CPU.Build.0 = Debug Standalone|Any CPU
		{EE4788C1-DCA6-465F-8049-28CEACE6586F}.Debug Standalone|Mixed Platforms.ActiveCfg = Debug Standalone|Any CPU
		{EE4788C1-DCA6-465F-8049-28CEACE6586F}.Debug Standalone|Mixed Platforms.Build.0 = Debug Standalone|Any CPU
		{EE4788C1-DCA6-465F-8049-28CEACE6586F}.Debug Standalone|x64.ActiveCfg = Debug Standalone|Any CPU
		{EE4788C1-DCA6-465F-8049-28CEACE6586F}.Debug Standalone|x86.ActiveCfg = Debug Standalone|Any CPU
		{EE4788C1-DCA6-465F-8049-28CEACE6586F}.Debug|Any CPU.ActiveCfg = Debug|Any CPU
		{EE4788C1-DCA6-465F-8049-28CEACE6586F}.Debug|Any CPU.Build.0 = Debug|Any CPU
		{EE4788C1-DCA6-465F-8049-28CEACE6586F}.Debug|Mixed Platforms.ActiveCfg = Debug|Any CPU
		{EE4788C1-DCA6-465F-8049-28CEACE6586F}.Debug|Mixed Platforms.Build.0 = Debug|Any CPU
		{EE4788C1-DCA6-465F-8049-28CEACE6586F}.Debug|x64.ActiveCfg = Debug|Any CPU
		{EE4788C1-DCA6-465F-8049-28CEACE6586F}.Debug|x86.ActiveCfg = Debug|Any CPU
		{EE4788C1-DCA6-465F-8049-28CEACE6586F}.DVD-5|Any CPU.ActiveCfg = Debug|Any CPU
		{EE4788C1-DCA6-465F-8049-28CEACE6586F}.DVD-5|Any CPU.Build.0 = Debug|Any CPU
		{EE4788C1-DCA6-465F-8049-28CEACE6586F}.DVD-5|Mixed Platforms.ActiveCfg = Debug Excel 2013|Any CPU
		{EE4788C1-DCA6-465F-8049-28CEACE6586F}.DVD-5|Mixed Platforms.Build.0 = Debug Excel 2013|Any CPU
		{EE4788C1-DCA6-465F-8049-28CEACE6586F}.DVD-5|x64.ActiveCfg = Debug Excel 2013|Any CPU
		{EE4788C1-DCA6-465F-8049-28CEACE6586F}.DVD-5|x86.ActiveCfg = Debug Excel 2013|Any CPU
		{EE4788C1-DCA6-465F-8049-28CEACE6586F}.Release|Any CPU.ActiveCfg = Release|Any CPU
		{EE4788C1-DCA6-465F-8049-28CEACE6586F}.Release|Any CPU.Build.0 = Release|Any CPU
		{EE4788C1-DCA6-465F-8049-28CEACE6586F}.Release|Mixed Platforms.ActiveCfg = Release|Any CPU
		{EE4788C1-DCA6-465F-8049-28CEACE6586F}.Release|Mixed Platforms.Build.0 = Release|Any CPU
		{EE4788C1-DCA6-465F-8049-28CEACE6586F}.Release|x64.ActiveCfg = Release|Any CPU
		{EE4788C1-DCA6-465F-8049-28CEACE6586F}.Release|x86.ActiveCfg = Release|Any CPU
		{EE4788C1-DCA6-465F-8049-28CEACE6586F}.Release64|Any CPU.ActiveCfg = Release64|Any CPU
		{EE4788C1-DCA6-465F-8049-28CEACE6586F}.Release64|Any CPU.Build.0 = Release64|Any CPU
		{EE4788C1-DCA6-465F-8049-28CEACE6586F}.Release64|Mixed Platforms.ActiveCfg = Release64|Any CPU
		{EE4788C1-DCA6-465F-8049-28CEACE6586F}.Release64|Mixed Platforms.Build.0 = Release64|Any CPU
		{EE4788C1-DCA6-465F-8049-28CEACE6586F}.Release64|x64.ActiveCfg = Release64|Any CPU
		{EE4788C1-DCA6-465F-8049-28CEACE6586F}.Release64|x86.ActiveCfg = Release64|Any CPU
		{EE4788C1-DCA6-465F-8049-28CEACE6586F}.SingleImage|Any CPU.ActiveCfg = Release|Any CPU
		{EE4788C1-DCA6-465F-8049-28CEACE6586F}.SingleImage|Any CPU.Build.0 = Release|Any CPU
		{EE4788C1-DCA6-465F-8049-28CEACE6586F}.SingleImage|Mixed Platforms.ActiveCfg = Debug Excel 2013|Any CPU
		{EE4788C1-DCA6-465F-8049-28CEACE6586F}.SingleImage|Mixed Platforms.Build.0 = Debug Excel 2013|Any CPU
		{EE4788C1-DCA6-465F-8049-28CEACE6586F}.SingleImage|x64.ActiveCfg = Debug Excel 2013|Any CPU
		{EE4788C1-DCA6-465F-8049-28CEACE6586F}.SingleImage|x86.ActiveCfg = Debug Excel 2013|Any CPU
		{DC91C987-2AEB-4F82-B8BA-3FF6A5614ED7}.CD_ROM|Any CPU.ActiveCfg = Release|Any CPU
		{DC91C987-2AEB-4F82-B8BA-3FF6A5614ED7}.CD_ROM|Any CPU.Build.0 = Release|Any CPU
		{DC91C987-2AEB-4F82-B8BA-3FF6A5614ED7}.CD_ROM|Mixed Platforms.ActiveCfg = Debug Exel 2013|Any CPU
		{DC91C987-2AEB-4F82-B8BA-3FF6A5614ED7}.CD_ROM|Mixed Platforms.Build.0 = Debug Exel 2013|Any CPU
		{DC91C987-2AEB-4F82-B8BA-3FF6A5614ED7}.CD_ROM|x64.ActiveCfg = Debug Exel 2013|Any CPU
		{DC91C987-2AEB-4F82-B8BA-3FF6A5614ED7}.CD_ROM|x86.ActiveCfg = Debug Exel 2013|Any CPU
		{DC91C987-2AEB-4F82-B8BA-3FF6A5614ED7}.Debug Excel 2013|Any CPU.ActiveCfg = Debug Exel 2013|Any CPU
		{DC91C987-2AEB-4F82-B8BA-3FF6A5614ED7}.Debug Excel 2013|Any CPU.Build.0 = Debug Exel 2013|Any CPU
		{DC91C987-2AEB-4F82-B8BA-3FF6A5614ED7}.Debug Excel 2013|Mixed Platforms.ActiveCfg = Debug Exel 2013|Any CPU
		{DC91C987-2AEB-4F82-B8BA-3FF6A5614ED7}.Debug Excel 2013|Mixed Platforms.Build.0 = Debug Exel 2013|Any CPU
		{DC91C987-2AEB-4F82-B8BA-3FF6A5614ED7}.Debug Excel 2013|x64.ActiveCfg = Debug Exel 2013|Any CPU
		{DC91C987-2AEB-4F82-B8BA-3FF6A5614ED7}.Debug Excel 2013|x86.ActiveCfg = Debug Exel 2013|Any CPU
		{DC91C987-2AEB-4F82-B8BA-3FF6A5614ED7}.Debug Standalone|Any CPU.ActiveCfg = Debug Standalone|Any CPU
		{DC91C987-2AEB-4F82-B8BA-3FF6A5614ED7}.Debug Standalone|Any CPU.Build.0 = Debug Standalone|Any CPU
		{DC91C987-2AEB-4F82-B8BA-3FF6A5614ED7}.Debug Standalone|Mixed Platforms.ActiveCfg = Debug Standalone|Any CPU
		{DC91C987-2AEB-4F82-B8BA-3FF6A5614ED7}.Debug Standalone|Mixed Platforms.Build.0 = Debug Standalone|Any CPU
		{DC91C987-2AEB-4F82-B8BA-3FF6A5614ED7}.Debug Standalone|x64.ActiveCfg = Debug Standalone|Any CPU
		{DC91C987-2AEB-4F82-B8BA-3FF6A5614ED7}.Debug Standalone|x86.ActiveCfg = Debug Standalone|Any CPU
		{DC91C987-2AEB-4F82-B8BA-3FF6A5614ED7}.Debug|Any CPU.ActiveCfg = Debug|Any CPU
		{DC91C987-2AEB-4F82-B8BA-3FF6A5614ED7}.Debug|Any CPU.Build.0 = Debug|Any CPU
		{DC91C987-2AEB-4F82-B8BA-3FF6A5614ED7}.Debug|Mixed Platforms.ActiveCfg = Debug|Any CPU
		{DC91C987-2AEB-4F82-B8BA-3FF6A5614ED7}.Debug|Mixed Platforms.Build.0 = Debug|Any CPU
		{DC91C987-2AEB-4F82-B8BA-3FF6A5614ED7}.Debug|x64.ActiveCfg = Debug|Any CPU
		{DC91C987-2AEB-4F82-B8BA-3FF6A5614ED7}.Debug|x86.ActiveCfg = Debug|Any CPU
		{DC91C987-2AEB-4F82-B8BA-3FF6A5614ED7}.DVD-5|Any CPU.ActiveCfg = Debug|Any CPU
		{DC91C987-2AEB-4F82-B8BA-3FF6A5614ED7}.DVD-5|Any CPU.Build.0 = Debug|Any CPU
		{DC91C987-2AEB-4F82-B8BA-3FF6A5614ED7}.DVD-5|Mixed Platforms.ActiveCfg = Debug Exel 2013|Any CPU
		{DC91C987-2AEB-4F82-B8BA-3FF6A5614ED7}.DVD-5|Mixed Platforms.Build.0 = Debug Exel 2013|Any CPU
		{DC91C987-2AEB-4F82-B8BA-3FF6A5614ED7}.DVD-5|x64.ActiveCfg = Debug Exel 2013|Any CPU
		{DC91C987-2AEB-4F82-B8BA-3FF6A5614ED7}.DVD-5|x86.ActiveCfg = Debug Exel 2013|Any CPU
		{DC91C987-2AEB-4F82-B8BA-3FF6A5614ED7}.Release|Any CPU.ActiveCfg = Release|Any CPU
		{DC91C987-2AEB-4F82-B8BA-3FF6A5614ED7}.Release|Any CPU.Build.0 = Release|Any CPU
		{DC91C987-2AEB-4F82-B8BA-3FF6A5614ED7}.Release|Mixed Platforms.ActiveCfg = Release|Any CPU
		{DC91C987-2AEB-4F82-B8BA-3FF6A5614ED7}.Release|Mixed Platforms.Build.0 = Release|Any CPU
		{DC91C987-2AEB-4F82-B8BA-3FF6A5614ED7}.Release|x64.ActiveCfg = Release|Any CPU
		{DC91C987-2AEB-4F82-B8BA-3FF6A5614ED7}.Release|x86.ActiveCfg = Release|Any CPU
		{DC91C987-2AEB-4F82-B8BA-3FF6A5614ED7}.Release64|Any CPU.ActiveCfg = Release64|Any CPU
		{DC91C987-2AEB-4F82-B8BA-3FF6A5614ED7}.Release64|Any CPU.Build.0 = Release64|Any CPU
		{DC91C987-2AEB-4F82-B8BA-3FF6A5614ED7}.Release64|Mixed Platforms.ActiveCfg = Release64|Any CPU
		{DC91C987-2AEB-4F82-B8BA-3FF6A5614ED7}.Release64|Mixed Platforms.Build.0 = Release64|Any CPU
		{DC91C987-2AEB-4F82-B8BA-3FF6A5614ED7}.Release64|x64.ActiveCfg = Release64|Any CPU
		{DC91C987-2AEB-4F82-B8BA-3FF6A5614ED7}.Release64|x86.ActiveCfg = Release64|Any CPU
		{DC91C987-2AEB-4F82-B8BA-3FF6A5614ED7}.SingleImage|Any CPU.ActiveCfg = Release|Any CPU
		{DC91C987-2AEB-4F82-B8BA-3FF6A5614ED7}.SingleImage|Any CPU.Build.0 = Release|Any CPU
		{DC91C987-2AEB-4F82-B8BA-3FF6A5614ED7}.SingleImage|Mixed Platforms.ActiveCfg = Debug Exel 2013|Any CPU
		{DC91C987-2AEB-4F82-B8BA-3FF6A5614ED7}.SingleImage|Mixed Platforms.Build.0 = Debug Exel 2013|Any CPU
		{DC91C987-2AEB-4F82-B8BA-3FF6A5614ED7}.SingleImage|x64.ActiveCfg = Debug Exel 2013|Any CPU
		{DC91C987-2AEB-4F82-B8BA-3FF6A5614ED7}.SingleImage|x86.ActiveCfg = Debug Exel 2013|Any CPU
		{9CDCCC97-CA3B-4BDF-B062-DA0266387B76}.CD_ROM|Any CPU.ActiveCfg = Release|Any CPU
		{9CDCCC97-CA3B-4BDF-B062-DA0266387B76}.CD_ROM|Any CPU.Build.0 = Release|Any CPU
		{9CDCCC97-CA3B-4BDF-B062-DA0266387B76}.CD_ROM|Mixed Platforms.ActiveCfg = Release|Any CPU
		{9CDCCC97-CA3B-4BDF-B062-DA0266387B76}.CD_ROM|Mixed Platforms.Build.0 = Release|Any CPU
		{9CDCCC97-CA3B-4BDF-B062-DA0266387B76}.CD_ROM|x64.ActiveCfg = Release|Any CPU
		{9CDCCC97-CA3B-4BDF-B062-DA0266387B76}.CD_ROM|x86.ActiveCfg = Release|Any CPU
		{9CDCCC97-CA3B-4BDF-B062-DA0266387B76}.Debug Excel 2013|Any CPU.ActiveCfg = Debug Excel 2013|Any CPU
		{9CDCCC97-CA3B-4BDF-B062-DA0266387B76}.Debug Excel 2013|Any CPU.Build.0 = Debug Excel 2013|Any CPU
		{9CDCCC97-CA3B-4BDF-B062-DA0266387B76}.Debug Excel 2013|Mixed Platforms.ActiveCfg = Debug Excel 2013|Any CPU
		{9CDCCC97-CA3B-4BDF-B062-DA0266387B76}.Debug Excel 2013|Mixed Platforms.Build.0 = Debug Excel 2013|Any CPU
		{9CDCCC97-CA3B-4BDF-B062-DA0266387B76}.Debug Excel 2013|x64.ActiveCfg = Debug Excel 2013|Any CPU
		{9CDCCC97-CA3B-4BDF-B062-DA0266387B76}.Debug Excel 2013|x86.ActiveCfg = Debug Excel 2013|Any CPU
		{9CDCCC97-CA3B-4BDF-B062-DA0266387B76}.Debug Standalone|Any CPU.ActiveCfg = Debug Standalone|Any CPU
		{9CDCCC97-CA3B-4BDF-B062-DA0266387B76}.Debug Standalone|Any CPU.Build.0 = Debug Standalone|Any CPU
		{9CDCCC97-CA3B-4BDF-B062-DA0266387B76}.Debug Standalone|Mixed Platforms.ActiveCfg = Debug Standalone|Any CPU
		{9CDCCC97-CA3B-4BDF-B062-DA0266387B76}.Debug Standalone|Mixed Platforms.Build.0 = Debug Standalone|Any CPU
		{9CDCCC97-CA3B-4BDF-B062-DA0266387B76}.Debug Standalone|x64.ActiveCfg = Debug Standalone|Any CPU
		{9CDCCC97-CA3B-4BDF-B062-DA0266387B76}.Debug Standalone|x86.ActiveCfg = Debug Standalone|Any CPU
		{9CDCCC97-CA3B-4BDF-B062-DA0266387B76}.Debug|Any CPU.ActiveCfg = Debug|Any CPU
		{9CDCCC97-CA3B-4BDF-B062-DA0266387B76}.Debug|Any CPU.Build.0 = Debug|Any CPU
		{9CDCCC97-CA3B-4BDF-B062-DA0266387B76}.Debug|Mixed Platforms.ActiveCfg = Debug|Any CPU
		{9CDCCC97-CA3B-4BDF-B062-DA0266387B76}.Debug|Mixed Platforms.Build.0 = Debug|Any CPU
		{9CDCCC97-CA3B-4BDF-B062-DA0266387B76}.Debug|x64.ActiveCfg = Debug|Any CPU
		{9CDCCC97-CA3B-4BDF-B062-DA0266387B76}.Debug|x86.ActiveCfg = Debug|Any CPU
		{9CDCCC97-CA3B-4BDF-B062-DA0266387B76}.DVD-5|Any CPU.ActiveCfg = Debug|Any CPU
		{9CDCCC97-CA3B-4BDF-B062-DA0266387B76}.DVD-5|Any CPU.Build.0 = Debug|Any CPU
		{9CDCCC97-CA3B-4BDF-B062-DA0266387B76}.DVD-5|Mixed Platforms.ActiveCfg = Debug|Any CPU
		{9CDCCC97-CA3B-4BDF-B062-DA0266387B76}.DVD-5|Mixed Platforms.Build.0 = Debug|Any CPU
		{9CDCCC97-CA3B-4BDF-B062-DA0266387B76}.DVD-5|x64.ActiveCfg = Debug|Any CPU
		{9CDCCC97-CA3B-4BDF-B062-DA0266387B76}.DVD-5|x86.ActiveCfg = Debug|Any CPU
		{9CDCCC97-CA3B-4BDF-B062-DA0266387B76}.Release|Any CPU.ActiveCfg = Release|Any CPU
		{9CDCCC97-CA3B-4BDF-B062-DA0266387B76}.Release|Any CPU.Build.0 = Release|Any CPU
		{9CDCCC97-CA3B-4BDF-B062-DA0266387B76}.Release|Mixed Platforms.ActiveCfg = Release|Any CPU
		{9CDCCC97-CA3B-4BDF-B062-DA0266387B76}.Release|Mixed Platforms.Build.0 = Release|Any CPU
		{9CDCCC97-CA3B-4BDF-B062-DA0266387B76}.Release|x64.ActiveCfg = Release|Any CPU
		{9CDCCC97-CA3B-4BDF-B062-DA0266387B76}.Release|x86.ActiveCfg = Release|Any CPU
		{9CDCCC97-CA3B-4BDF-B062-DA0266387B76}.Release64|Any CPU.ActiveCfg = Release|Any CPU
		{9CDCCC97-CA3B-4BDF-B062-DA0266387B76}.Release64|Any CPU.Build.0 = Release|Any CPU
		{9CDCCC97-CA3B-4BDF-B062-DA0266387B76}.Release64|Mixed Platforms.ActiveCfg = Release|Any CPU
		{9CDCCC97-CA3B-4BDF-B062-DA0266387B76}.Release64|Mixed Platforms.Build.0 = Release|Any CPU
		{9CDCCC97-CA3B-4BDF-B062-DA0266387B76}.Release64|x64.ActiveCfg = Release|Any CPU
		{9CDCCC97-CA3B-4BDF-B062-DA0266387B76}.Release64|x86.ActiveCfg = Release|Any CPU
		{9CDCCC97-CA3B-4BDF-B062-DA0266387B76}.SingleImage|Any CPU.ActiveCfg = Release|Any CPU
		{9CDCCC97-CA3B-4BDF-B062-DA0266387B76}.SingleImage|Any CPU.Build.0 = Release|Any CPU
		{9CDCCC97-CA3B-4BDF-B062-DA0266387B76}.SingleImage|Mixed Platforms.ActiveCfg = Release|Any CPU
		{9CDCCC97-CA3B-4BDF-B062-DA0266387B76}.SingleImage|Mixed Platforms.Build.0 = Release|Any CPU
		{9CDCCC97-CA3B-4BDF-B062-DA0266387B76}.SingleImage|x64.ActiveCfg = Release|Any CPU
		{9CDCCC97-CA3B-4BDF-B062-DA0266387B76}.SingleImage|x86.ActiveCfg = Release|Any CPU
		{F92E0BFC-F721-4A08-A4FA-77DC019B14F6}.CD_ROM|Any CPU.ActiveCfg = Release|x86
		{F92E0BFC-F721-4A08-A4FA-77DC019B14F6}.CD_ROM|Mixed Platforms.ActiveCfg = Release|x86
		{F92E0BFC-F721-4A08-A4FA-77DC019B14F6}.CD_ROM|Mixed Platforms.Build.0 = Release|x86
		{F92E0BFC-F721-4A08-A4FA-77DC019B14F6}.CD_ROM|x64.ActiveCfg = Release|x86
		{F92E0BFC-F721-4A08-A4FA-77DC019B14F6}.CD_ROM|x86.ActiveCfg = Release|x86
		{F92E0BFC-F721-4A08-A4FA-77DC019B14F6}.CD_ROM|x86.Build.0 = Release|x86
		{F92E0BFC-F721-4A08-A4FA-77DC019B14F6}.Debug Excel 2013|Any CPU.ActiveCfg = Debug Standalone|Any CPU
		{F92E0BFC-F721-4A08-A4FA-77DC019B14F6}.Debug Excel 2013|Mixed Platforms.ActiveCfg = Debug Excel 2013|Any CPU
		{F92E0BFC-F721-4A08-A4FA-77DC019B14F6}.Debug Excel 2013|Mixed Platforms.Build.0 = Debug Excel 2013|Any CPU
		{F92E0BFC-F721-4A08-A4FA-77DC019B14F6}.Debug Excel 2013|x64.ActiveCfg = Debug Standalone|Any CPU
		{F92E0BFC-F721-4A08-A4FA-77DC019B14F6}.Debug Excel 2013|x86.ActiveCfg = Debug Standalone|Any CPU
		{F92E0BFC-F721-4A08-A4FA-77DC019B14F6}.Debug Standalone|Any CPU.ActiveCfg = Debug Standalone|Any CPU
		{F92E0BFC-F721-4A08-A4FA-77DC019B14F6}.Debug Standalone|Any CPU.Build.0 = Debug Standalone|Any CPU
		{F92E0BFC-F721-4A08-A4FA-77DC019B14F6}.Debug Standalone|Mixed Platforms.ActiveCfg = Debug Standalone|Any CPU
		{F92E0BFC-F721-4A08-A4FA-77DC019B14F6}.Debug Standalone|Mixed Platforms.Build.0 = Debug Standalone|Any CPU
		{F92E0BFC-F721-4A08-A4FA-77DC019B14F6}.Debug Standalone|x64.ActiveCfg = Debug Standalone|x86
		{F92E0BFC-F721-4A08-A4FA-77DC019B14F6}.Debug Standalone|x86.ActiveCfg = Debug Standalone|x86
		{F92E0BFC-F721-4A08-A4FA-77DC019B14F6}.Debug|Any CPU.ActiveCfg = Debug|x86
		{F92E0BFC-F721-4A08-A4FA-77DC019B14F6}.Debug|Mixed Platforms.ActiveCfg = Debug|x86
		{F92E0BFC-F721-4A08-A4FA-77DC019B14F6}.Debug|Mixed Platforms.Build.0 = Debug|x86
		{F92E0BFC-F721-4A08-A4FA-77DC019B14F6}.Debug|x64.ActiveCfg = Debug|x86
		{F92E0BFC-F721-4A08-A4FA-77DC019B14F6}.Debug|x86.ActiveCfg = Debug|x86
		{F92E0BFC-F721-4A08-A4FA-77DC019B14F6}.Debug|x86.Build.0 = Debug|x86
		{F92E0BFC-F721-4A08-A4FA-77DC019B14F6}.DVD-5|Any CPU.ActiveCfg = Debug|x86
		{F92E0BFC-F721-4A08-A4FA-77DC019B14F6}.DVD-5|Mixed Platforms.ActiveCfg = Debug|x86
		{F92E0BFC-F721-4A08-A4FA-77DC019B14F6}.DVD-5|Mixed Platforms.Build.0 = Debug|x86
		{F92E0BFC-F721-4A08-A4FA-77DC019B14F6}.DVD-5|x64.ActiveCfg = Debug|x86
		{F92E0BFC-F721-4A08-A4FA-77DC019B14F6}.DVD-5|x86.ActiveCfg = Debug|x86
		{F92E0BFC-F721-4A08-A4FA-77DC019B14F6}.DVD-5|x86.Build.0 = Debug|x86
		{F92E0BFC-F721-4A08-A4FA-77DC019B14F6}.Release|Any CPU.ActiveCfg = Release|x86
		{F92E0BFC-F721-4A08-A4FA-77DC019B14F6}.Release|Any CPU.Build.0 = Release|x86
		{F92E0BFC-F721-4A08-A4FA-77DC019B14F6}.Release|Mixed Platforms.ActiveCfg = Release|Any CPU
		{F92E0BFC-F721-4A08-A4FA-77DC019B14F6}.Release|Mixed Platforms.Build.0 = Release|Any CPU
		{F92E0BFC-F721-4A08-A4FA-77DC019B14F6}.Release|Mixed Platforms.Deploy.0 = Release|Any CPU
		{F92E0BFC-F721-4A08-A4FA-77DC019B14F6}.Release|x64.ActiveCfg = Release|x86
		{F92E0BFC-F721-4A08-A4FA-77DC019B14F6}.Release|x86.ActiveCfg = Release|x86
		{F92E0BFC-F721-4A08-A4FA-77DC019B14F6}.Release|x86.Build.0 = Release|x86
		{F92E0BFC-F721-4A08-A4FA-77DC019B14F6}.Release64|Any CPU.ActiveCfg = Release|x86
		{F92E0BFC-F721-4A08-A4FA-77DC019B14F6}.Release64|Mixed Platforms.ActiveCfg = Release|x86
		{F92E0BFC-F721-4A08-A4FA-77DC019B14F6}.Release64|Mixed Platforms.Build.0 = Release|x86
		{F92E0BFC-F721-4A08-A4FA-77DC019B14F6}.Release64|x64.ActiveCfg = Release|x86
		{F92E0BFC-F721-4A08-A4FA-77DC019B14F6}.Release64|x86.ActiveCfg = Release|x86
		{F92E0BFC-F721-4A08-A4FA-77DC019B14F6}.Release64|x86.Build.0 = Release|x86
		{F92E0BFC-F721-4A08-A4FA-77DC019B14F6}.SingleImage|Any CPU.ActiveCfg = Release|x86
		{F92E0BFC-F721-4A08-A4FA-77DC019B14F6}.SingleImage|Mixed Platforms.ActiveCfg = Release|x86
		{F92E0BFC-F721-4A08-A4FA-77DC019B14F6}.SingleImage|Mixed Platforms.Build.0 = Release|x86
		{F92E0BFC-F721-4A08-A4FA-77DC019B14F6}.SingleImage|x64.ActiveCfg = Release|x86
		{F92E0BFC-F721-4A08-A4FA-77DC019B14F6}.SingleImage|x86.ActiveCfg = Release|x86
		{F92E0BFC-F721-4A08-A4FA-77DC019B14F6}.SingleImage|x86.Build.0 = Release|x86
		{5EFEFF14-3052-4DC1-B020-8E259062B899}.CD_ROM|Any CPU.ActiveCfg = Release|x86
		{5EFEFF14-3052-4DC1-B020-8E259062B899}.CD_ROM|Mixed Platforms.ActiveCfg = Release|x86
		{5EFEFF14-3052-4DC1-B020-8E259062B899}.CD_ROM|Mixed Platforms.Build.0 = Release|x86
		{5EFEFF14-3052-4DC1-B020-8E259062B899}.CD_ROM|x64.ActiveCfg = Release|x86
		{5EFEFF14-3052-4DC1-B020-8E259062B899}.CD_ROM|x86.ActiveCfg = Release|x86
		{5EFEFF14-3052-4DC1-B020-8E259062B899}.CD_ROM|x86.Build.0 = Release|x86
		{5EFEFF14-3052-4DC1-B020-8E259062B899}.Debug Excel 2013|Any CPU.ActiveCfg = Debug Excel 2013|Any CPU
		{5EFEFF14-3052-4DC1-B020-8E259062B899}.Debug Excel 2013|Any CPU.Build.0 = Debug Excel 2013|Any CPU
		{5EFEFF14-3052-4DC1-B020-8E259062B899}.Debug Excel 2013|Mixed Platforms.ActiveCfg = Debug Excel 2013|Any CPU
		{5EFEFF14-3052-4DC1-B020-8E259062B899}.Debug Excel 2013|Mixed Platforms.Build.0 = Debug Excel 2013|Any CPU
		{5EFEFF14-3052-4DC1-B020-8E259062B899}.Debug Excel 2013|x64.ActiveCfg = Debug Excel 2013|x86
		{5EFEFF14-3052-4DC1-B020-8E259062B899}.Debug Excel 2013|x86.ActiveCfg = Debug Excel 2013|x86
		{5EFEFF14-3052-4DC1-B020-8E259062B899}.Debug Excel 2013|x86.Build.0 = Debug Excel 2013|x86
		{5EFEFF14-3052-4DC1-B020-8E259062B899}.Debug Standalone|Any CPU.ActiveCfg = Debug Standalone|Any CPU
		{5EFEFF14-3052-4DC1-B020-8E259062B899}.Debug Standalone|Any CPU.Build.0 = Debug Standalone|Any CPU
		{5EFEFF14-3052-4DC1-B020-8E259062B899}.Debug Standalone|Mixed Platforms.ActiveCfg = Debug Standalone|Any CPU
		{5EFEFF14-3052-4DC1-B020-8E259062B899}.Debug Standalone|Mixed Platforms.Build.0 = Debug Standalone|Any CPU
		{5EFEFF14-3052-4DC1-B020-8E259062B899}.Debug Standalone|x64.ActiveCfg = Debug Standalone|x86
		{5EFEFF14-3052-4DC1-B020-8E259062B899}.Debug Standalone|x86.ActiveCfg = Debug Standalone|x86
		{5EFEFF14-3052-4DC1-B020-8E259062B899}.Debug|Any CPU.ActiveCfg = Debug|x86
		{5EFEFF14-3052-4DC1-B020-8E259062B899}.Debug|Mixed Platforms.ActiveCfg = Debug|x86
		{5EFEFF14-3052-4DC1-B020-8E259062B899}.Debug|Mixed Platforms.Build.0 = Debug|x86
		{5EFEFF14-3052-4DC1-B020-8E259062B899}.Debug|x64.ActiveCfg = Debug|x86
		{5EFEFF14-3052-4DC1-B020-8E259062B899}.Debug|x86.ActiveCfg = Debug|x86
		{5EFEFF14-3052-4DC1-B020-8E259062B899}.Debug|x86.Build.0 = Debug|x86
		{5EFEFF14-3052-4DC1-B020-8E259062B899}.DVD-5|Any CPU.ActiveCfg = Debug|x86
		{5EFEFF14-3052-4DC1-B020-8E259062B899}.DVD-5|Mixed Platforms.ActiveCfg = Debug|x86
		{5EFEFF14-3052-4DC1-B020-8E259062B899}.DVD-5|Mixed Platforms.Build.0 = Debug|x86
		{5EFEFF14-3052-4DC1-B020-8E259062B899}.DVD-5|x64.ActiveCfg = Debug|x86
		{5EFEFF14-3052-4DC1-B020-8E259062B899}.DVD-5|x86.ActiveCfg = Debug|x86
		{5EFEFF14-3052-4DC1-B020-8E259062B899}.DVD-5|x86.Build.0 = Debug|x86
		{5EFEFF14-3052-4DC1-B020-8E259062B899}.Release|Any CPU.ActiveCfg = Release|x86
		{5EFEFF14-3052-4DC1-B020-8E259062B899}.Release|Any CPU.Build.0 = Release|x86
		{5EFEFF14-3052-4DC1-B020-8E259062B899}.Release|Mixed Platforms.ActiveCfg = Release|Any CPU
		{5EFEFF14-3052-4DC1-B020-8E259062B899}.Release|Mixed Platforms.Build.0 = Release|Any CPU
		{5EFEFF14-3052-4DC1-B020-8E259062B899}.Release|x64.ActiveCfg = Release|x86
		{5EFEFF14-3052-4DC1-B020-8E259062B899}.Release|x86.ActiveCfg = Release|x86
		{5EFEFF14-3052-4DC1-B020-8E259062B899}.Release|x86.Build.0 = Release|x86
		{5EFEFF14-3052-4DC1-B020-8E259062B899}.Release64|Any CPU.ActiveCfg = Release|x86
		{5EFEFF14-3052-4DC1-B020-8E259062B899}.Release64|Mixed Platforms.ActiveCfg = Release|x86
		{5EFEFF14-3052-4DC1-B020-8E259062B899}.Release64|Mixed Platforms.Build.0 = Release|x86
		{5EFEFF14-3052-4DC1-B020-8E259062B899}.Release64|x64.ActiveCfg = Release|x86
		{5EFEFF14-3052-4DC1-B020-8E259062B899}.Release64|x86.ActiveCfg = Release|x86
		{5EFEFF14-3052-4DC1-B020-8E259062B899}.Release64|x86.Build.0 = Release|x86
		{5EFEFF14-3052-4DC1-B020-8E259062B899}.SingleImage|Any CPU.ActiveCfg = Release|x86
		{5EFEFF14-3052-4DC1-B020-8E259062B899}.SingleImage|Mixed Platforms.ActiveCfg = Release|x86
		{5EFEFF14-3052-4DC1-B020-8E259062B899}.SingleImage|Mixed Platforms.Build.0 = Release|x86
		{5EFEFF14-3052-4DC1-B020-8E259062B899}.SingleImage|x64.ActiveCfg = Release|x86
		{5EFEFF14-3052-4DC1-B020-8E259062B899}.SingleImage|x86.ActiveCfg = Release|x86
		{5EFEFF14-3052-4DC1-B020-8E259062B899}.SingleImage|x86.Build.0 = Release|x86
		{D1ED8FBD-8493-496F-9229-497DD526E1C9}.CD_ROM|Any CPU.ActiveCfg = Release|Any CPU
		{D1ED8FBD-8493-496F-9229-497DD526E1C9}.CD_ROM|Any CPU.Build.0 = Release|Any CPU
		{D1ED8FBD-8493-496F-9229-497DD526E1C9}.CD_ROM|Mixed Platforms.ActiveCfg = Release|Any CPU
		{D1ED8FBD-8493-496F-9229-497DD526E1C9}.CD_ROM|Mixed Platforms.Build.0 = Release|Any CPU
		{D1ED8FBD-8493-496F-9229-497DD526E1C9}.CD_ROM|x64.ActiveCfg = Release|Any CPU
		{D1ED8FBD-8493-496F-9229-497DD526E1C9}.CD_ROM|x86.ActiveCfg = Release|Any CPU
		{D1ED8FBD-8493-496F-9229-497DD526E1C9}.Debug Excel 2013|Any CPU.ActiveCfg = Debug|Any CPU
		{D1ED8FBD-8493-496F-9229-497DD526E1C9}.Debug Excel 2013|Mixed Platforms.ActiveCfg = Debug|Any CPU
		{D1ED8FBD-8493-496F-9229-497DD526E1C9}.Debug Excel 2013|Mixed Platforms.Build.0 = Debug|Any CPU
		{D1ED8FBD-8493-496F-9229-497DD526E1C9}.Debug Excel 2013|x64.ActiveCfg = Debug|Any CPU
		{D1ED8FBD-8493-496F-9229-497DD526E1C9}.Debug Excel 2013|x86.ActiveCfg = Debug|Any CPU
		{D1ED8FBD-8493-496F-9229-497DD526E1C9}.Debug Standalone|Any CPU.ActiveCfg = Debug|Any CPU
		{D1ED8FBD-8493-496F-9229-497DD526E1C9}.Debug Standalone|Any CPU.Build.0 = Debug|Any CPU
		{D1ED8FBD-8493-496F-9229-497DD526E1C9}.Debug Standalone|Mixed Platforms.ActiveCfg = Debug|Any CPU
		{D1ED8FBD-8493-496F-9229-497DD526E1C9}.Debug Standalone|Mixed Platforms.Build.0 = Debug|Any CPU
		{D1ED8FBD-8493-496F-9229-497DD526E1C9}.Debug Standalone|x64.ActiveCfg = Debug|Any CPU
		{D1ED8FBD-8493-496F-9229-497DD526E1C9}.Debug Standalone|x86.ActiveCfg = Debug|Any CPU
		{D1ED8FBD-8493-496F-9229-497DD526E1C9}.Debug|Any CPU.ActiveCfg = Debug|Any CPU
		{D1ED8FBD-8493-496F-9229-497DD526E1C9}.Debug|Any CPU.Build.0 = Debug|Any CPU
		{D1ED8FBD-8493-496F-9229-497DD526E1C9}.Debug|Mixed Platforms.ActiveCfg = Debug|Any CPU
		{D1ED8FBD-8493-496F-9229-497DD526E1C9}.Debug|Mixed Platforms.Build.0 = Debug|Any CPU
		{D1ED8FBD-8493-496F-9229-497DD526E1C9}.Debug|x64.ActiveCfg = Debug|Any CPU
		{D1ED8FBD-8493-496F-9229-497DD526E1C9}.Debug|x86.ActiveCfg = Debug|Any CPU
		{D1ED8FBD-8493-496F-9229-497DD526E1C9}.DVD-5|Any CPU.ActiveCfg = Debug|Any CPU
		{D1ED8FBD-8493-496F-9229-497DD526E1C9}.DVD-5|Any CPU.Build.0 = Debug|Any CPU
		{D1ED8FBD-8493-496F-9229-497DD526E1C9}.DVD-5|Mixed Platforms.ActiveCfg = Debug|Any CPU
		{D1ED8FBD-8493-496F-9229-497DD526E1C9}.DVD-5|Mixed Platforms.Build.0 = Debug|Any CPU
		{D1ED8FBD-8493-496F-9229-497DD526E1C9}.DVD-5|x64.ActiveCfg = Debug|Any CPU
		{D1ED8FBD-8493-496F-9229-497DD526E1C9}.DVD-5|x86.ActiveCfg = Debug|Any CPU
		{D1ED8FBD-8493-496F-9229-497DD526E1C9}.Release|Any CPU.ActiveCfg = Release|Any CPU
		{D1ED8FBD-8493-496F-9229-497DD526E1C9}.Release|Any CPU.Build.0 = Release|Any CPU
		{D1ED8FBD-8493-496F-9229-497DD526E1C9}.Release|Mixed Platforms.ActiveCfg = Release|Any CPU
		{D1ED8FBD-8493-496F-9229-497DD526E1C9}.Release|Mixed Platforms.Build.0 = Release|Any CPU
		{D1ED8FBD-8493-496F-9229-497DD526E1C9}.Release|x64.ActiveCfg = Release|Any CPU
		{D1ED8FBD-8493-496F-9229-497DD526E1C9}.Release|x86.ActiveCfg = Release|Any CPU
		{D1ED8FBD-8493-496F-9229-497DD526E1C9}.Release64|Any CPU.ActiveCfg = Release|Any CPU
		{D1ED8FBD-8493-496F-9229-497DD526E1C9}.Release64|Any CPU.Build.0 = Release|Any CPU
		{D1ED8FBD-8493-496F-9229-497DD526E1C9}.Release64|Mixed Platforms.ActiveCfg = Release|Any CPU
		{D1ED8FBD-8493-496F-9229-497DD526E1C9}.Release64|Mixed Platforms.Build.0 = Release|Any CPU
		{D1ED8FBD-8493-496F-9229-497DD526E1C9}.Release64|x64.ActiveCfg = Release|Any CPU
		{D1ED8FBD-8493-496F-9229-497DD526E1C9}.Release64|x86.ActiveCfg = Release|Any CPU
		{D1ED8FBD-8493-496F-9229-497DD526E1C9}.SingleImage|Any CPU.ActiveCfg = Release|Any CPU
		{D1ED8FBD-8493-496F-9229-497DD526E1C9}.SingleImage|Any CPU.Build.0 = Release|Any CPU
		{D1ED8FBD-8493-496F-9229-497DD526E1C9}.SingleImage|Mixed Platforms.ActiveCfg = Release|Any CPU
		{D1ED8FBD-8493-496F-9229-497DD526E1C9}.SingleImage|Mixed Platforms.Build.0 = Release|Any CPU
		{D1ED8FBD-8493-496F-9229-497DD526E1C9}.SingleImage|x64.ActiveCfg = Release|Any CPU
		{D1ED8FBD-8493-496F-9229-497DD526E1C9}.SingleImage|x86.ActiveCfg = Release|Any CPU
		{549CA754-6E2F-4354-804C-9AB5824EE94C}.CD_ROM|Any CPU.ActiveCfg = Release|Any CPU
		{549CA754-6E2F-4354-804C-9AB5824EE94C}.CD_ROM|Any CPU.Build.0 = Release|Any CPU
		{549CA754-6E2F-4354-804C-9AB5824EE94C}.CD_ROM|Mixed Platforms.ActiveCfg = Release|Any CPU
		{549CA754-6E2F-4354-804C-9AB5824EE94C}.CD_ROM|Mixed Platforms.Build.0 = Release|Any CPU
		{549CA754-6E2F-4354-804C-9AB5824EE94C}.CD_ROM|x64.ActiveCfg = Release|Any CPU
		{549CA754-6E2F-4354-804C-9AB5824EE94C}.CD_ROM|x86.ActiveCfg = Release|Any CPU
		{549CA754-6E2F-4354-804C-9AB5824EE94C}.Debug Excel 2013|Any CPU.ActiveCfg = Debug|Any CPU
		{549CA754-6E2F-4354-804C-9AB5824EE94C}.Debug Excel 2013|Any CPU.Build.0 = Debug|Any CPU
		{549CA754-6E2F-4354-804C-9AB5824EE94C}.Debug Excel 2013|Mixed Platforms.ActiveCfg = Debug|Any CPU
		{549CA754-6E2F-4354-804C-9AB5824EE94C}.Debug Excel 2013|Mixed Platforms.Build.0 = Debug|Any CPU
		{549CA754-6E2F-4354-804C-9AB5824EE94C}.Debug Excel 2013|x64.ActiveCfg = Debug|Any CPU
		{549CA754-6E2F-4354-804C-9AB5824EE94C}.Debug Excel 2013|x86.ActiveCfg = Debug|Any CPU
		{549CA754-6E2F-4354-804C-9AB5824EE94C}.Debug Standalone|Any CPU.ActiveCfg = Debug|Any CPU
		{549CA754-6E2F-4354-804C-9AB5824EE94C}.Debug Standalone|Any CPU.Build.0 = Debug|Any CPU
		{549CA754-6E2F-4354-804C-9AB5824EE94C}.Debug Standalone|Mixed Platforms.ActiveCfg = Debug|Any CPU
		{549CA754-6E2F-4354-804C-9AB5824EE94C}.Debug Standalone|Mixed Platforms.Build.0 = Debug|Any CPU
		{549CA754-6E2F-4354-804C-9AB5824EE94C}.Debug Standalone|x64.ActiveCfg = Debug|Any CPU
		{549CA754-6E2F-4354-804C-9AB5824EE94C}.Debug Standalone|x86.ActiveCfg = Debug|Any CPU
		{549CA754-6E2F-4354-804C-9AB5824EE94C}.Debug|Any CPU.ActiveCfg = Debug|Any CPU
		{549CA754-6E2F-4354-804C-9AB5824EE94C}.Debug|Any CPU.Build.0 = Debug|Any CPU
		{549CA754-6E2F-4354-804C-9AB5824EE94C}.Debug|Mixed Platforms.ActiveCfg = Debug|Any CPU
		{549CA754-6E2F-4354-804C-9AB5824EE94C}.Debug|Mixed Platforms.Build.0 = Debug|Any CPU
		{549CA754-6E2F-4354-804C-9AB5824EE94C}.Debug|x64.ActiveCfg = Debug|Any CPU
		{549CA754-6E2F-4354-804C-9AB5824EE94C}.Debug|x86.ActiveCfg = Debug|Any CPU
		{549CA754-6E2F-4354-804C-9AB5824EE94C}.DVD-5|Any CPU.ActiveCfg = Debug|Any CPU
		{549CA754-6E2F-4354-804C-9AB5824EE94C}.DVD-5|Any CPU.Build.0 = Debug|Any CPU
		{549CA754-6E2F-4354-804C-9AB5824EE94C}.DVD-5|Mixed Platforms.ActiveCfg = Debug|Any CPU
		{549CA754-6E2F-4354-804C-9AB5824EE94C}.DVD-5|Mixed Platforms.Build.0 = Debug|Any CPU
		{549CA754-6E2F-4354-804C-9AB5824EE94C}.DVD-5|x64.ActiveCfg = Debug|Any CPU
		{549CA754-6E2F-4354-804C-9AB5824EE94C}.DVD-5|x86.ActiveCfg = Debug|Any CPU
		{549CA754-6E2F-4354-804C-9AB5824EE94C}.Release|Any CPU.ActiveCfg = Release|Any CPU
		{549CA754-6E2F-4354-804C-9AB5824EE94C}.Release|Any CPU.Build.0 = Release|Any CPU
		{549CA754-6E2F-4354-804C-9AB5824EE94C}.Release|Mixed Platforms.ActiveCfg = Release|Any CPU
		{549CA754-6E2F-4354-804C-9AB5824EE94C}.Release|x64.ActiveCfg = Release|Any CPU
		{549CA754-6E2F-4354-804C-9AB5824EE94C}.Release|x86.ActiveCfg = Release|Any CPU
		{549CA754-6E2F-4354-804C-9AB5824EE94C}.Release64|Any CPU.ActiveCfg = Release|Any CPU
		{549CA754-6E2F-4354-804C-9AB5824EE94C}.Release64|Any CPU.Build.0 = Release|Any CPU
		{549CA754-6E2F-4354-804C-9AB5824EE94C}.Release64|Mixed Platforms.ActiveCfg = Release|Any CPU
		{549CA754-6E2F-4354-804C-9AB5824EE94C}.Release64|Mixed Platforms.Build.0 = Release|Any CPU
		{549CA754-6E2F-4354-804C-9AB5824EE94C}.Release64|x64.ActiveCfg = Release|Any CPU
		{549CA754-6E2F-4354-804C-9AB5824EE94C}.Release64|x86.ActiveCfg = Release|Any CPU
		{549CA754-6E2F-4354-804C-9AB5824EE94C}.SingleImage|Any CPU.ActiveCfg = Release|Any CPU
		{549CA754-6E2F-4354-804C-9AB5824EE94C}.SingleImage|Any CPU.Build.0 = Release|Any CPU
		{549CA754-6E2F-4354-804C-9AB5824EE94C}.SingleImage|Mixed Platforms.ActiveCfg = Release|Any CPU
		{549CA754-6E2F-4354-804C-9AB5824EE94C}.SingleImage|Mixed Platforms.Build.0 = Release|Any CPU
		{549CA754-6E2F-4354-804C-9AB5824EE94C}.SingleImage|x64.ActiveCfg = Release|Any CPU
		{549CA754-6E2F-4354-804C-9AB5824EE94C}.SingleImage|x86.ActiveCfg = Release|Any CPU
	EndGlobalSection
	GlobalSection(SolutionProperties) = preSolution
		HideSolutionNode = FALSE
	EndGlobalSection
	GlobalSection(TestCaseManagementSettings) = postSolution
		CategoryFile = DaxStudio.vsmdi
	EndGlobalSection
EndGlobal
