
Microsoft Visual Studio Solution File, Format Version 12.00
# Visual Studio Version 16
VisualStudioVersion = 16.0.31005.135
MinimumVisualStudioVersion = 10.0.40219.1
Project("{9A19103F-16F7-4668-BE54-9A1E7A4F7556}") = "AvalonDock.Themes.DaxStudio", "AvalonDock.Themes.DaxStudio.csproj", "{FC736289-61A5-4B3F-9533-011159D6B93F}"
EndProject
Global
	GlobalSection(SolutionConfigurationPlatforms) = preSolution
		Debug|Any CPU = Debug|Any CPU
		Release|Any CPU = Release|Any CPU
	EndGlobalSection
	GlobalSection(ProjectConfigurationPlatforms) = postSolution
		{FC736289-61A5-4B3F-9533-011159D6B93F}.Debug|Any CPU.ActiveCfg = Debug|Any CPU
		{FC736289-61A5-4B3F-9533-011159D6B93F}.Debug|Any CPU.Build.0 = Debug|Any CPU
		{FC736289-61A5-4B3F-9533-011159D6B93F}.Release|Any CPU.ActiveCfg = Release|Any CPU
		{FC736289-61A5-4B3F-9533-011159D6B93F}.Release|Any CPU.Build.0 = Release|Any CPU
	EndGlobalSection
	GlobalSection(SolutionProperties) = preSolution
		HideSolutionNode = FALSE
	EndGlobalSection
	GlobalSection(ExtensibilityGlobals) = postSolution
		SolutionGuid = {0D190BCB-B0BF-4BDF-B3B0-0648D8FD408C}
	EndGlobalSection
EndGlobal
