
Microsoft Visual Studio Solution File, Format Version 12.00
# Visual Studio Version 16
VisualStudioVersion = 16.0.29215.179
MinimumVisualStudioVersion = 10.0.40219.1
Project("{2150E333-8FDC-42A3-9474-1A3956D46DE8}") = "Solution Items", "Solution Items", "{E04330FA-13D0-4B47-BE99-31B788340C09}"
	ProjectSection(SolutionItems) = preProject
		common.props = common.props
		CommonAssemblyInfo.cs = CommonAssemblyInfo.cs
		CommonAssemblyVersion.cs = CommonAssemblyVersion.cs
		CurrentReleaseVersion.json = CurrentReleaseVersion.json
		..\docs\CurrentReleaseVersion.json = ..\docs\CurrentReleaseVersion.json
		setup-build-env.ps1 = setup-build-env.ps1
	EndProjectSection
EndProject
Project("{FAE04EC0-301F-11D3-BF4B-00C04F79EFBC}") = "DaxStudio.ExcelAddin", "DaxStudio.ExcelAddin\DaxStudio.ExcelAddin.csproj", "{C8769178-B109-4155-ABC2-F4E4587642DB}"
	ProjectSection(ProjectDependencies) = postProject
		{F92E0BFC-F721-4A08-A4FA-77DC019B14F6} = {F92E0BFC-F721-4A08-A4FA-77DC019B14F6}
	EndProjectSection
EndProject
Project("{FAE04EC0-301F-11D3-BF4B-00C04F79EFBC}") = "DAXEditor", "DAXEditor\DAXEditor.csproj", "{EE4788C1-DCA6-465F-8049-28CEACE6586F}"
EndProject
Project("{FAE04EC0-301F-11D3-BF4B-00C04F79EFBC}") = "ADOTabular", "ADOTabular\ADOTabular.csproj", "{DC91C987-2AEB-4F82-B8BA-3FF6A5614ED7}"
EndProject
Project("{FAE04EC0-301F-11D3-BF4B-00C04F79EFBC}") = "DaxStudio.Interfaces", "DaxStudio.Interfaces\DaxStudio.Interfaces.csproj", "{9CDCCC97-CA3B-4BDF-B062-DA0266387B76}"
EndProject
Project("{FAE04EC0-301F-11D3-BF4B-00C04F79EFBC}") = "DaxStudio.Standalone", "DaxStudio.Standalone\DaxStudio.Standalone.csproj", "{F92E0BFC-F721-4A08-A4FA-77DC019B14F6}"
	ProjectSection(ProjectDependencies) = postProject
		{C8C325AD-D7AB-4E56-8A6B-7E8B11EB5443} = {C8C325AD-D7AB-4E56-8A6B-7E8B11EB5443}
		{EE4788C1-DCA6-465F-8049-28CEACE6586F} = {EE4788C1-DCA6-465F-8049-28CEACE6586F}
	EndProjectSection
EndProject
Project("{FAE04EC0-301F-11D3-BF4B-00C04F79EFBC}") = "DaxStudio.UI", "DaxStudio.UI\DaxStudio.UI.csproj", "{5EFEFF14-3052-4DC1-B020-8E259062B899}"
EndProject
Project("{FAE04EC0-301F-11D3-BF4B-00C04F79EFBC}") = "DaxStudio.Tests", "..\tests\DaxStudio.Tests\DaxStudio.Tests.csproj", "{D1ED8FBD-8493-496F-9229-497DD526E1C9}"
EndProject
Project("{FAE04EC0-301F-11D3-BF4B-00C04F79EFBC}") = "UnitComboLib", "UnitComboLib\UnitComboLib.csproj", "{C8C325AD-D7AB-4E56-8A6B-7E8B11EB5443}"
EndProject
Project("{2150E333-8FDC-42A3-9474-1A3956D46DE8}") = ".nuget", ".nuget", "{0772235B-BEB3-47D4-B186-54A02FAC4990}"
	ProjectSection(SolutionItems) = preProject
		.nuget\NuGet.Config = .nuget\NuGet.Config
		.nuget\NuGet.exe = .nuget\NuGet.exe
		.nuget\NuGet.targets = .nuget\NuGet.targets
	EndProjectSection
EndProject
Project("{FAE04EC0-301F-11D3-BF4B-00C04F79EFBC}") = "DaxStudio.QueryTrace", "DaxStudio.QueryTrace\DaxStudio.QueryTrace.csproj", "{A7912ABB-E3AD-45C4-A8A7-183828DB300E}"
EndProject
Project("{FAE04EC0-301F-11D3-BF4B-00C04F79EFBC}") = "DaxStudio.QueryTrace.Excel", "DaxStudio.QueryTrace.Excel\DaxStudio.QueryTrace.Excel.csproj", "{30B02415-0085-4CEB-9C74-EFDA677C6C88}"
EndProject
Project("{FAE04EC0-301F-11D3-BF4B-00C04F79EFBC}") = "DaxStudio.Checker", "DaxStudio.Checker\DaxStudio.Checker.csproj", "{9D3F0BFC-6366-4402-B1AB-211D4F4E5179}"
EndProject
Project("{FAE04EC0-301F-11D3-BF4B-00C04F79EFBC}") = "DaxStudio.Common", "DaxStudio.Common\DaxStudio.Common.csproj", "{508A1FAA-9157-4474-94B4-FDBF76FFA74B}"
EndProject
Project("{FAE04EC0-301F-11D3-BF4B-00C04F79EFBC}") = "DaxStudio.Controls.DataGridFilter", "DaxStudio.Controls.DataGridFilter\DaxStudio.Controls.DataGridFilter.csproj", "{512FD53F-9AD1-46A1-A961-9FABDFAD50C5}"
EndProject
Project("{FAE04EC0-301F-11D3-BF4B-00C04F79EFBC}") = "DaxStudio.Controls.PropertyGrid", "DaxStudio.Controls.PropertyGrid\DaxStudio.Controls.PropertyGrid.csproj", "{CD71EBC4-7CD8-47E9-854F-D295805EFADD}"
EndProject
Project("{2150E333-8FDC-42A3-9474-1A3956D46DE8}") = "Tests", "Tests", "{2FA78CD1-8A2D-4285-9DDB-FB4E4B46A7C7}"
EndProject
Global
	GlobalSection(SolutionConfigurationPlatforms) = preSolution
		Debug|Any CPU = Debug|Any CPU
		Debug|Mixed Platforms = Debug|Mixed Platforms
		Debug|x64 = Debug|x64
		Debug|x86 = Debug|x86
		Release|Any CPU = Release|Any CPU
		Release|Mixed Platforms = Release|Mixed Platforms
		Release|x64 = Release|x64
		Release|x86 = Release|x86
		Tests|Any CPU = Tests|Any CPU
		Tests|Mixed Platforms = Tests|Mixed Platforms
		Tests|x64 = Tests|x64
		Tests|x86 = Tests|x86
	EndGlobalSection
	GlobalSection(ProjectConfigurationPlatforms) = postSolution
		{C8769178-B109-4155-ABC2-F4E4587642DB}.Debug|Any CPU.ActiveCfg = Debug|Any CPU
		{C8769178-B109-4155-ABC2-F4E4587642DB}.Debug|Any CPU.Build.0 = Debug|Any CPU
		{C8769178-B109-4155-ABC2-F4E4587642DB}.Debug|Mixed Platforms.ActiveCfg = Debug|Any CPU
		{C8769178-B109-4155-ABC2-F4E4587642DB}.Debug|Mixed Platforms.Build.0 = Debug|Any CPU
		{C8769178-B109-4155-ABC2-F4E4587642DB}.Debug|x64.ActiveCfg = Debug|Any CPU
		{C8769178-B109-4155-ABC2-F4E4587642DB}.Debug|x86.ActiveCfg = Debug|Any CPU
		{C8769178-B109-4155-ABC2-F4E4587642DB}.Release|Any CPU.ActiveCfg = Release|Any CPU
		{C8769178-B109-4155-ABC2-F4E4587642DB}.Release|Any CPU.Build.0 = Release|Any CPU
		{C8769178-B109-4155-ABC2-F4E4587642DB}.Release|Mixed Platforms.ActiveCfg = Release|Any CPU
		{C8769178-B109-4155-ABC2-F4E4587642DB}.Release|Mixed Platforms.Build.0 = Release|Any CPU
		{C8769178-B109-4155-ABC2-F4E4587642DB}.Release|x64.ActiveCfg = Release|Any CPU
		{C8769178-B109-4155-ABC2-F4E4587642DB}.Release|x86.ActiveCfg = Release|Any CPU
		{C8769178-B109-4155-ABC2-F4E4587642DB}.Tests|Any CPU.ActiveCfg = Tests|Any CPU
		{C8769178-B109-4155-ABC2-F4E4587642DB}.Tests|Mixed Platforms.ActiveCfg = Tests|Any CPU
		{C8769178-B109-4155-ABC2-F4E4587642DB}.Tests|Mixed Platforms.Build.0 = Tests|Any CPU
		{C8769178-B109-4155-ABC2-F4E4587642DB}.Tests|x64.ActiveCfg = Tests|Any CPU
		{C8769178-B109-4155-ABC2-F4E4587642DB}.Tests|x64.Build.0 = Tests|Any CPU
		{C8769178-B109-4155-ABC2-F4E4587642DB}.Tests|x86.ActiveCfg = Tests|Any CPU
		{C8769178-B109-4155-ABC2-F4E4587642DB}.Tests|x86.Build.0 = Tests|Any CPU
		{EE4788C1-DCA6-465F-8049-28CEACE6586F}.Debug|Any CPU.ActiveCfg = Debug|Any CPU
		{EE4788C1-DCA6-465F-8049-28CEACE6586F}.Debug|Any CPU.Build.0 = Debug|Any CPU
		{EE4788C1-DCA6-465F-8049-28CEACE6586F}.Debug|Mixed Platforms.ActiveCfg = Debug|Any CPU
		{EE4788C1-DCA6-465F-8049-28CEACE6586F}.Debug|Mixed Platforms.Build.0 = Debug|Any CPU
		{EE4788C1-DCA6-465F-8049-28CEACE6586F}.Debug|x64.ActiveCfg = Debug|Any CPU
		{EE4788C1-DCA6-465F-8049-28CEACE6586F}.Debug|x86.ActiveCfg = Debug|Any CPU
		{EE4788C1-DCA6-465F-8049-28CEACE6586F}.Release|Any CPU.ActiveCfg = Release|Any CPU
		{EE4788C1-DCA6-465F-8049-28CEACE6586F}.Release|Any CPU.Build.0 = Release|Any CPU
		{EE4788C1-DCA6-465F-8049-28CEACE6586F}.Release|Mixed Platforms.ActiveCfg = Release|Any CPU
		{EE4788C1-DCA6-465F-8049-28CEACE6586F}.Release|Mixed Platforms.Build.0 = Release|Any CPU
		{EE4788C1-DCA6-465F-8049-28CEACE6586F}.Release|x64.ActiveCfg = Release|Any CPU
		{EE4788C1-DCA6-465F-8049-28CEACE6586F}.Release|x86.ActiveCfg = Release|Any CPU
		{EE4788C1-DCA6-465F-8049-28CEACE6586F}.Tests|Any CPU.ActiveCfg = Tests|Any CPU
		{EE4788C1-DCA6-465F-8049-28CEACE6586F}.Tests|Any CPU.Build.0 = Tests|Any CPU
		{EE4788C1-DCA6-465F-8049-28CEACE6586F}.Tests|Mixed Platforms.ActiveCfg = Tests|Any CPU
		{EE4788C1-DCA6-465F-8049-28CEACE6586F}.Tests|Mixed Platforms.Build.0 = Tests|Any CPU
		{EE4788C1-DCA6-465F-8049-28CEACE6586F}.Tests|x64.ActiveCfg = Tests|Any CPU
		{EE4788C1-DCA6-465F-8049-28CEACE6586F}.Tests|x64.Build.0 = Tests|Any CPU
		{EE4788C1-DCA6-465F-8049-28CEACE6586F}.Tests|x86.ActiveCfg = Tests|Any CPU
		{EE4788C1-DCA6-465F-8049-28CEACE6586F}.Tests|x86.Build.0 = Tests|Any CPU
		{DC91C987-2AEB-4F82-B8BA-3FF6A5614ED7}.Debug|Any CPU.ActiveCfg = Debug|Any CPU
		{DC91C987-2AEB-4F82-B8BA-3FF6A5614ED7}.Debug|Any CPU.Build.0 = Debug|Any CPU
		{DC91C987-2AEB-4F82-B8BA-3FF6A5614ED7}.Debug|Mixed Platforms.ActiveCfg = Debug|Any CPU
		{DC91C987-2AEB-4F82-B8BA-3FF6A5614ED7}.Debug|Mixed Platforms.Build.0 = Debug|Any CPU
		{DC91C987-2AEB-4F82-B8BA-3FF6A5614ED7}.Debug|x64.ActiveCfg = Debug|Any CPU
		{DC91C987-2AEB-4F82-B8BA-3FF6A5614ED7}.Debug|x86.ActiveCfg = Debug|Any CPU
		{DC91C987-2AEB-4F82-B8BA-3FF6A5614ED7}.Release|Any CPU.ActiveCfg = Release|Any CPU
		{DC91C987-2AEB-4F82-B8BA-3FF6A5614ED7}.Release|Any CPU.Build.0 = Release|Any CPU
		{DC91C987-2AEB-4F82-B8BA-3FF6A5614ED7}.Release|Mixed Platforms.ActiveCfg = Release|Any CPU
		{DC91C987-2AEB-4F82-B8BA-3FF6A5614ED7}.Release|Mixed Platforms.Build.0 = Release|Any CPU
		{DC91C987-2AEB-4F82-B8BA-3FF6A5614ED7}.Release|x64.ActiveCfg = Release|Any CPU
		{DC91C987-2AEB-4F82-B8BA-3FF6A5614ED7}.Release|x86.ActiveCfg = Release|Any CPU
		{DC91C987-2AEB-4F82-B8BA-3FF6A5614ED7}.Tests|Any CPU.ActiveCfg = Tests|Any CPU
		{DC91C987-2AEB-4F82-B8BA-3FF6A5614ED7}.Tests|Any CPU.Build.0 = Tests|Any CPU
		{DC91C987-2AEB-4F82-B8BA-3FF6A5614ED7}.Tests|Mixed Platforms.ActiveCfg = Tests|Any CPU
		{DC91C987-2AEB-4F82-B8BA-3FF6A5614ED7}.Tests|Mixed Platforms.Build.0 = Tests|Any CPU
		{DC91C987-2AEB-4F82-B8BA-3FF6A5614ED7}.Tests|x64.ActiveCfg = Tests|Any CPU
		{DC91C987-2AEB-4F82-B8BA-3FF6A5614ED7}.Tests|x64.Build.0 = Tests|Any CPU
		{DC91C987-2AEB-4F82-B8BA-3FF6A5614ED7}.Tests|x86.ActiveCfg = Tests|Any CPU
		{DC91C987-2AEB-4F82-B8BA-3FF6A5614ED7}.Tests|x86.Build.0 = Tests|Any CPU
		{9CDCCC97-CA3B-4BDF-B062-DA0266387B76}.Debug|Any CPU.ActiveCfg = Debug|Any CPU
		{9CDCCC97-CA3B-4BDF-B062-DA0266387B76}.Debug|Any CPU.Build.0 = Debug|Any CPU
		{9CDCCC97-CA3B-4BDF-B062-DA0266387B76}.Debug|Mixed Platforms.ActiveCfg = Debug|Any CPU
		{9CDCCC97-CA3B-4BDF-B062-DA0266387B76}.Debug|Mixed Platforms.Build.0 = Debug|Any CPU
		{9CDCCC97-CA3B-4BDF-B062-DA0266387B76}.Debug|x64.ActiveCfg = Debug|Any CPU
		{9CDCCC97-CA3B-4BDF-B062-DA0266387B76}.Debug|x86.ActiveCfg = Debug|Any CPU
		{9CDCCC97-CA3B-4BDF-B062-DA0266387B76}.Release|Any CPU.ActiveCfg = Release|Any CPU
		{9CDCCC97-CA3B-4BDF-B062-DA0266387B76}.Release|Any CPU.Build.0 = Release|Any CPU
		{9CDCCC97-CA3B-4BDF-B062-DA0266387B76}.Release|Mixed Platforms.ActiveCfg = Release|Any CPU
		{9CDCCC97-CA3B-4BDF-B062-DA0266387B76}.Release|Mixed Platforms.Build.0 = Release|Any CPU
		{9CDCCC97-CA3B-4BDF-B062-DA0266387B76}.Release|x64.ActiveCfg = Release|Any CPU
		{9CDCCC97-CA3B-4BDF-B062-DA0266387B76}.Release|x86.ActiveCfg = Release|Any CPU
		{9CDCCC97-CA3B-4BDF-B062-DA0266387B76}.Tests|Any CPU.ActiveCfg = Tests|Any CPU
		{9CDCCC97-CA3B-4BDF-B062-DA0266387B76}.Tests|Any CPU.Build.0 = Tests|Any CPU
		{9CDCCC97-CA3B-4BDF-B062-DA0266387B76}.Tests|Mixed Platforms.ActiveCfg = Tests|Any CPU
		{9CDCCC97-CA3B-4BDF-B062-DA0266387B76}.Tests|Mixed Platforms.Build.0 = Tests|Any CPU
		{9CDCCC97-CA3B-4BDF-B062-DA0266387B76}.Tests|x64.ActiveCfg = Tests|Any CPU
		{9CDCCC97-CA3B-4BDF-B062-DA0266387B76}.Tests|x64.Build.0 = Tests|Any CPU
		{9CDCCC97-CA3B-4BDF-B062-DA0266387B76}.Tests|x86.ActiveCfg = Tests|Any CPU
		{9CDCCC97-CA3B-4BDF-B062-DA0266387B76}.Tests|x86.Build.0 = Tests|Any CPU
		{F92E0BFC-F721-4A08-A4FA-77DC019B14F6}.Debug|Any CPU.ActiveCfg = Debug|Any CPU
		{F92E0BFC-F721-4A08-A4FA-77DC019B14F6}.Debug|Any CPU.Build.0 = Debug|Any CPU
		{F92E0BFC-F721-4A08-A4FA-77DC019B14F6}.Debug|Mixed Platforms.ActiveCfg = Debug|Any CPU
		{F92E0BFC-F721-4A08-A4FA-77DC019B14F6}.Debug|Mixed Platforms.Build.0 = Debug|Any CPU
		{F92E0BFC-F721-4A08-A4FA-77DC019B14F6}.Debug|x64.ActiveCfg = Debug|x86
		{F92E0BFC-F721-4A08-A4FA-77DC019B14F6}.Debug|x86.ActiveCfg = Debug|x86
		{F92E0BFC-F721-4A08-A4FA-77DC019B14F6}.Debug|x86.Build.0 = Debug|x86
		{F92E0BFC-F721-4A08-A4FA-77DC019B14F6}.Release|Any CPU.ActiveCfg = Release|Any CPU
		{F92E0BFC-F721-4A08-A4FA-77DC019B14F6}.Release|Any CPU.Build.0 = Release|Any CPU
		{F92E0BFC-F721-4A08-A4FA-77DC019B14F6}.Release|Mixed Platforms.ActiveCfg = Release|Any CPU
		{F92E0BFC-F721-4A08-A4FA-77DC019B14F6}.Release|Mixed Platforms.Build.0 = Release|Any CPU
		{F92E0BFC-F721-4A08-A4FA-77DC019B14F6}.Release|Mixed Platforms.Deploy.0 = Release|Any CPU
		{F92E0BFC-F721-4A08-A4FA-77DC019B14F6}.Release|x64.ActiveCfg = Release|x86
		{F92E0BFC-F721-4A08-A4FA-77DC019B14F6}.Release|x86.ActiveCfg = Release|x86
		{F92E0BFC-F721-4A08-A4FA-77DC019B14F6}.Release|x86.Build.0 = Release|x86
		{F92E0BFC-F721-4A08-A4FA-77DC019B14F6}.Tests|Any CPU.ActiveCfg = Tests|Any CPU
		{F92E0BFC-F721-4A08-A4FA-77DC019B14F6}.Tests|Any CPU.Build.0 = Tests|Any CPU
		{F92E0BFC-F721-4A08-A4FA-77DC019B14F6}.Tests|Mixed Platforms.ActiveCfg = Tests|x86
		{F92E0BFC-F721-4A08-A4FA-77DC019B14F6}.Tests|Mixed Platforms.Build.0 = Tests|x86
		{F92E0BFC-F721-4A08-A4FA-77DC019B14F6}.Tests|x64.ActiveCfg = Tests|Any CPU
		{F92E0BFC-F721-4A08-A4FA-77DC019B14F6}.Tests|x64.Build.0 = Tests|Any CPU
		{F92E0BFC-F721-4A08-A4FA-77DC019B14F6}.Tests|x86.ActiveCfg = Tests|x86
		{F92E0BFC-F721-4A08-A4FA-77DC019B14F6}.Tests|x86.Build.0 = Tests|x86
		{5EFEFF14-3052-4DC1-B020-8E259062B899}.Debug|Any CPU.ActiveCfg = Debug|Any CPU
		{5EFEFF14-3052-4DC1-B020-8E259062B899}.Debug|Any CPU.Build.0 = Debug|Any CPU
		{5EFEFF14-3052-4DC1-B020-8E259062B899}.Debug|Mixed Platforms.ActiveCfg = Debug|Any CPU
		{5EFEFF14-3052-4DC1-B020-8E259062B899}.Debug|Mixed Platforms.Build.0 = Debug|Any CPU
		{5EFEFF14-3052-4DC1-B020-8E259062B899}.Debug|x64.ActiveCfg = Debug|x86
		{5EFEFF14-3052-4DC1-B020-8E259062B899}.Debug|x86.ActiveCfg = Debug|x86
		{5EFEFF14-3052-4DC1-B020-8E259062B899}.Debug|x86.Build.0 = Debug|x86
		{5EFEFF14-3052-4DC1-B020-8E259062B899}.Release|Any CPU.ActiveCfg = Release|Any CPU
		{5EFEFF14-3052-4DC1-B020-8E259062B899}.Release|Any CPU.Build.0 = Release|Any CPU
		{5EFEFF14-3052-4DC1-B020-8E259062B899}.Release|Mixed Platforms.ActiveCfg = Release|Any CPU
		{5EFEFF14-3052-4DC1-B020-8E259062B899}.Release|Mixed Platforms.Build.0 = Release|Any CPU
		{5EFEFF14-3052-4DC1-B020-8E259062B899}.Release|x64.ActiveCfg = Release|x86
		{5EFEFF14-3052-4DC1-B020-8E259062B899}.Release|x86.ActiveCfg = Release|x86
		{5EFEFF14-3052-4DC1-B020-8E259062B899}.Release|x86.Build.0 = Release|x86
		{5EFEFF14-3052-4DC1-B020-8E259062B899}.Tests|Any CPU.ActiveCfg = Tests|Any CPU
		{5EFEFF14-3052-4DC1-B020-8E259062B899}.Tests|Any CPU.Build.0 = Tests|Any CPU
		{5EFEFF14-3052-4DC1-B020-8E259062B899}.Tests|Mixed Platforms.ActiveCfg = Tests|x86
		{5EFEFF14-3052-4DC1-B020-8E259062B899}.Tests|Mixed Platforms.Build.0 = Tests|x86
		{5EFEFF14-3052-4DC1-B020-8E259062B899}.Tests|x64.ActiveCfg = Tests|Any CPU
		{5EFEFF14-3052-4DC1-B020-8E259062B899}.Tests|x64.Build.0 = Tests|Any CPU
		{5EFEFF14-3052-4DC1-B020-8E259062B899}.Tests|x86.ActiveCfg = Tests|x86
		{5EFEFF14-3052-4DC1-B020-8E259062B899}.Tests|x86.Build.0 = Tests|x86
		{D1ED8FBD-8493-496F-9229-497DD526E1C9}.Debug|Any CPU.ActiveCfg = Debug|Any CPU
		{D1ED8FBD-8493-496F-9229-497DD526E1C9}.Debug|Any CPU.Build.0 = Debug|Any CPU
		{D1ED8FBD-8493-496F-9229-497DD526E1C9}.Debug|Mixed Platforms.ActiveCfg = Debug|Any CPU
		{D1ED8FBD-8493-496F-9229-497DD526E1C9}.Debug|Mixed Platforms.Build.0 = Debug|Any CPU
		{D1ED8FBD-8493-496F-9229-497DD526E1C9}.Debug|x64.ActiveCfg = Debug|Any CPU
		{D1ED8FBD-8493-496F-9229-497DD526E1C9}.Debug|x86.ActiveCfg = Debug|Any CPU
		{D1ED8FBD-8493-496F-9229-497DD526E1C9}.Release|Any CPU.ActiveCfg = Release|Any CPU
		{D1ED8FBD-8493-496F-9229-497DD526E1C9}.Release|Any CPU.Build.0 = Release|Any CPU
		{D1ED8FBD-8493-496F-9229-497DD526E1C9}.Release|Mixed Platforms.ActiveCfg = Release|Any CPU
		{D1ED8FBD-8493-496F-9229-497DD526E1C9}.Release|x64.ActiveCfg = Release|Any CPU
		{D1ED8FBD-8493-496F-9229-497DD526E1C9}.Release|x86.ActiveCfg = Release|Any CPU
		{D1ED8FBD-8493-496F-9229-497DD526E1C9}.Tests|Any CPU.ActiveCfg = Tests|Any CPU
		{D1ED8FBD-8493-496F-9229-497DD526E1C9}.Tests|Any CPU.Build.0 = Tests|Any CPU
		{D1ED8FBD-8493-496F-9229-497DD526E1C9}.Tests|Mixed Platforms.ActiveCfg = Tests|Any CPU
		{D1ED8FBD-8493-496F-9229-497DD526E1C9}.Tests|Mixed Platforms.Build.0 = Tests|Any CPU
		{D1ED8FBD-8493-496F-9229-497DD526E1C9}.Tests|x64.ActiveCfg = Tests|Any CPU
		{D1ED8FBD-8493-496F-9229-497DD526E1C9}.Tests|x64.Build.0 = Tests|Any CPU
		{D1ED8FBD-8493-496F-9229-497DD526E1C9}.Tests|x86.ActiveCfg = Tests|Any CPU
		{D1ED8FBD-8493-496F-9229-497DD526E1C9}.Tests|x86.Build.0 = Tests|Any CPU
		{C8C325AD-D7AB-4E56-8A6B-7E8B11EB5443}.Debug|Any CPU.ActiveCfg = Debug|Any CPU
		{C8C325AD-D7AB-4E56-8A6B-7E8B11EB5443}.Debug|Any CPU.Build.0 = Debug|Any CPU
		{C8C325AD-D7AB-4E56-8A6B-7E8B11EB5443}.Debug|Mixed Platforms.ActiveCfg = Debug|Any CPU
		{C8C325AD-D7AB-4E56-8A6B-7E8B11EB5443}.Debug|Mixed Platforms.Build.0 = Debug|Any CPU
		{C8C325AD-D7AB-4E56-8A6B-7E8B11EB5443}.Debug|x64.ActiveCfg = Debug|Any CPU
		{C8C325AD-D7AB-4E56-8A6B-7E8B11EB5443}.Debug|x86.ActiveCfg = Debug|Any CPU
		{C8C325AD-D7AB-4E56-8A6B-7E8B11EB5443}.Release|Any CPU.ActiveCfg = Release|Any CPU
		{C8C325AD-D7AB-4E56-8A6B-7E8B11EB5443}.Release|Any CPU.Build.0 = Release|Any CPU
		{C8C325AD-D7AB-4E56-8A6B-7E8B11EB5443}.Release|Mixed Platforms.ActiveCfg = Release|Any CPU
		{C8C325AD-D7AB-4E56-8A6B-7E8B11EB5443}.Release|Mixed Platforms.Build.0 = Release|Any CPU
		{C8C325AD-D7AB-4E56-8A6B-7E8B11EB5443}.Release|x64.ActiveCfg = Release|Any CPU
		{C8C325AD-D7AB-4E56-8A6B-7E8B11EB5443}.Release|x86.ActiveCfg = Release|Any CPU
		{C8C325AD-D7AB-4E56-8A6B-7E8B11EB5443}.Tests|Any CPU.ActiveCfg = Tests|Any CPU
		{C8C325AD-D7AB-4E56-8A6B-7E8B11EB5443}.Tests|Any CPU.Build.0 = Tests|Any CPU
		{C8C325AD-D7AB-4E56-8A6B-7E8B11EB5443}.Tests|Mixed Platforms.ActiveCfg = Tests|Any CPU
		{C8C325AD-D7AB-4E56-8A6B-7E8B11EB5443}.Tests|Mixed Platforms.Build.0 = Tests|Any CPU
		{C8C325AD-D7AB-4E56-8A6B-7E8B11EB5443}.Tests|x64.ActiveCfg = Tests|Any CPU
		{C8C325AD-D7AB-4E56-8A6B-7E8B11EB5443}.Tests|x64.Build.0 = Tests|Any CPU
		{C8C325AD-D7AB-4E56-8A6B-7E8B11EB5443}.Tests|x86.ActiveCfg = Tests|Any CPU
		{C8C325AD-D7AB-4E56-8A6B-7E8B11EB5443}.Tests|x86.Build.0 = Tests|Any CPU
		{A7912ABB-E3AD-45C4-A8A7-183828DB300E}.Debug|Any CPU.ActiveCfg = Debug|Any CPU
		{A7912ABB-E3AD-45C4-A8A7-183828DB300E}.Debug|Any CPU.Build.0 = Debug|Any CPU
		{A7912ABB-E3AD-45C4-A8A7-183828DB300E}.Debug|Mixed Platforms.ActiveCfg = Debug|Any CPU
		{A7912ABB-E3AD-45C4-A8A7-183828DB300E}.Debug|Mixed Platforms.Build.0 = Debug|Any CPU
		{A7912ABB-E3AD-45C4-A8A7-183828DB300E}.Debug|x64.ActiveCfg = Debug|Any CPU
		{A7912ABB-E3AD-45C4-A8A7-183828DB300E}.Debug|x86.ActiveCfg = Debug|Any CPU
		{A7912ABB-E3AD-45C4-A8A7-183828DB300E}.Release|Any CPU.ActiveCfg = Release|Any CPU
		{A7912ABB-E3AD-45C4-A8A7-183828DB300E}.Release|Any CPU.Build.0 = Release|Any CPU
		{A7912ABB-E3AD-45C4-A8A7-183828DB300E}.Release|Mixed Platforms.ActiveCfg = Release|Any CPU
		{A7912ABB-E3AD-45C4-A8A7-183828DB300E}.Release|Mixed Platforms.Build.0 = Release|Any CPU
		{A7912ABB-E3AD-45C4-A8A7-183828DB300E}.Release|x64.ActiveCfg = Release|Any CPU
		{A7912ABB-E3AD-45C4-A8A7-183828DB300E}.Release|x86.ActiveCfg = Release|Any CPU
		{A7912ABB-E3AD-45C4-A8A7-183828DB300E}.Tests|Any CPU.ActiveCfg = Tests|Any CPU
		{A7912ABB-E3AD-45C4-A8A7-183828DB300E}.Tests|Any CPU.Build.0 = Tests|Any CPU
		{A7912ABB-E3AD-45C4-A8A7-183828DB300E}.Tests|Mixed Platforms.ActiveCfg = Tests|Any CPU
		{A7912ABB-E3AD-45C4-A8A7-183828DB300E}.Tests|Mixed Platforms.Build.0 = Tests|Any CPU
		{A7912ABB-E3AD-45C4-A8A7-183828DB300E}.Tests|x64.ActiveCfg = Tests|Any CPU
		{A7912ABB-E3AD-45C4-A8A7-183828DB300E}.Tests|x64.Build.0 = Tests|Any CPU
		{A7912ABB-E3AD-45C4-A8A7-183828DB300E}.Tests|x86.ActiveCfg = Tests|Any CPU
		{A7912ABB-E3AD-45C4-A8A7-183828DB300E}.Tests|x86.Build.0 = Tests|Any CPU
		{30B02415-0085-4CEB-9C74-EFDA677C6C88}.Debug|Any CPU.ActiveCfg = Debug|Any CPU
		{30B02415-0085-4CEB-9C74-EFDA677C6C88}.Debug|Any CPU.Build.0 = Debug|Any CPU
		{30B02415-0085-4CEB-9C74-EFDA677C6C88}.Debug|Mixed Platforms.ActiveCfg = Debug|Any CPU
		{30B02415-0085-4CEB-9C74-EFDA677C6C88}.Debug|Mixed Platforms.Build.0 = Debug|Any CPU
		{30B02415-0085-4CEB-9C74-EFDA677C6C88}.Debug|x64.ActiveCfg = Debug|Any CPU
		{30B02415-0085-4CEB-9C74-EFDA677C6C88}.Debug|x86.ActiveCfg = Debug|Any CPU
		{30B02415-0085-4CEB-9C74-EFDA677C6C88}.Release|Any CPU.ActiveCfg = Release|Any CPU
		{30B02415-0085-4CEB-9C74-EFDA677C6C88}.Release|Any CPU.Build.0 = Release|Any CPU
		{30B02415-0085-4CEB-9C74-EFDA677C6C88}.Release|Mixed Platforms.ActiveCfg = Release|Any CPU
		{30B02415-0085-4CEB-9C74-EFDA677C6C88}.Release|Mixed Platforms.Build.0 = Release|Any CPU
		{30B02415-0085-4CEB-9C74-EFDA677C6C88}.Release|x64.ActiveCfg = Release|Any CPU
		{30B02415-0085-4CEB-9C74-EFDA677C6C88}.Release|x86.ActiveCfg = Release|Any CPU
		{30B02415-0085-4CEB-9C74-EFDA677C6C88}.Tests|Any CPU.ActiveCfg = Tests|Any CPU
		{30B02415-0085-4CEB-9C74-EFDA677C6C88}.Tests|Any CPU.Build.0 = Tests|Any CPU
		{30B02415-0085-4CEB-9C74-EFDA677C6C88}.Tests|Mixed Platforms.ActiveCfg = Tests|Any CPU
		{30B02415-0085-4CEB-9C74-EFDA677C6C88}.Tests|Mixed Platforms.Build.0 = Tests|Any CPU
		{30B02415-0085-4CEB-9C74-EFDA677C6C88}.Tests|x64.ActiveCfg = Tests|Any CPU
		{30B02415-0085-4CEB-9C74-EFDA677C6C88}.Tests|x64.Build.0 = Tests|Any CPU
		{30B02415-0085-4CEB-9C74-EFDA677C6C88}.Tests|x86.ActiveCfg = Tests|Any CPU
		{30B02415-0085-4CEB-9C74-EFDA677C6C88}.Tests|x86.Build.0 = Tests|Any CPU
		{9D3F0BFC-6366-4402-B1AB-211D4F4E5179}.Debug|Any CPU.ActiveCfg = Debug|Any CPU
		{9D3F0BFC-6366-4402-B1AB-211D4F4E5179}.Debug|Any CPU.Build.0 = Debug|Any CPU
		{9D3F0BFC-6366-4402-B1AB-211D4F4E5179}.Debug|Mixed Platforms.ActiveCfg = Debug|Any CPU
		{9D3F0BFC-6366-4402-B1AB-211D4F4E5179}.Debug|Mixed Platforms.Build.0 = Debug|Any CPU
		{9D3F0BFC-6366-4402-B1AB-211D4F4E5179}.Debug|x64.ActiveCfg = Debug|Any CPU
		{9D3F0BFC-6366-4402-B1AB-211D4F4E5179}.Debug|x64.Build.0 = Debug|Any CPU
		{9D3F0BFC-6366-4402-B1AB-211D4F4E5179}.Debug|x86.ActiveCfg = Debug|Any CPU
		{9D3F0BFC-6366-4402-B1AB-211D4F4E5179}.Debug|x86.Build.0 = Debug|Any CPU
		{9D3F0BFC-6366-4402-B1AB-211D4F4E5179}.Release|Any CPU.ActiveCfg = Release|Any CPU
		{9D3F0BFC-6366-4402-B1AB-211D4F4E5179}.Release|Any CPU.Build.0 = Release|Any CPU
		{9D3F0BFC-6366-4402-B1AB-211D4F4E5179}.Release|Mixed Platforms.ActiveCfg = Release|Any CPU
		{9D3F0BFC-6366-4402-B1AB-211D4F4E5179}.Release|Mixed Platforms.Build.0 = Release|Any CPU
		{9D3F0BFC-6366-4402-B1AB-211D4F4E5179}.Release|x64.ActiveCfg = Release|Any CPU
		{9D3F0BFC-6366-4402-B1AB-211D4F4E5179}.Release|x64.Build.0 = Release|Any CPU
		{9D3F0BFC-6366-4402-B1AB-211D4F4E5179}.Release|x86.ActiveCfg = Release|Any CPU
		{9D3F0BFC-6366-4402-B1AB-211D4F4E5179}.Release|x86.Build.0 = Release|Any CPU
		{9D3F0BFC-6366-4402-B1AB-211D4F4E5179}.Tests|Any CPU.ActiveCfg = Tests|Any CPU
		{9D3F0BFC-6366-4402-B1AB-211D4F4E5179}.Tests|Any CPU.Build.0 = Tests|Any CPU
		{9D3F0BFC-6366-4402-B1AB-211D4F4E5179}.Tests|Mixed Platforms.ActiveCfg = Tests|Any CPU
		{9D3F0BFC-6366-4402-B1AB-211D4F4E5179}.Tests|Mixed Platforms.Build.0 = Tests|Any CPU
		{9D3F0BFC-6366-4402-B1AB-211D4F4E5179}.Tests|x64.ActiveCfg = Tests|Any CPU
		{9D3F0BFC-6366-4402-B1AB-211D4F4E5179}.Tests|x64.Build.0 = Tests|Any CPU
		{9D3F0BFC-6366-4402-B1AB-211D4F4E5179}.Tests|x86.ActiveCfg = Tests|Any CPU
		{9D3F0BFC-6366-4402-B1AB-211D4F4E5179}.Tests|x86.Build.0 = Tests|Any CPU
		{508A1FAA-9157-4474-94B4-FDBF76FFA74B}.Debug|Any CPU.ActiveCfg = Debug|Any CPU
		{508A1FAA-9157-4474-94B4-FDBF76FFA74B}.Debug|Any CPU.Build.0 = Debug|Any CPU
		{508A1FAA-9157-4474-94B4-FDBF76FFA74B}.Debug|Mixed Platforms.ActiveCfg = Debug|Any CPU
		{508A1FAA-9157-4474-94B4-FDBF76FFA74B}.Debug|Mixed Platforms.Build.0 = Debug|Any CPU
		{508A1FAA-9157-4474-94B4-FDBF76FFA74B}.Debug|x64.ActiveCfg = Debug|Any CPU
		{508A1FAA-9157-4474-94B4-FDBF76FFA74B}.Debug|x64.Build.0 = Debug|Any CPU
		{508A1FAA-9157-4474-94B4-FDBF76FFA74B}.Debug|x86.ActiveCfg = Debug|Any CPU
		{508A1FAA-9157-4474-94B4-FDBF76FFA74B}.Debug|x86.Build.0 = Debug|Any CPU
		{508A1FAA-9157-4474-94B4-FDBF76FFA74B}.Release|Any CPU.ActiveCfg = Release|Any CPU
		{508A1FAA-9157-4474-94B4-FDBF76FFA74B}.Release|Any CPU.Build.0 = Release|Any CPU
		{508A1FAA-9157-4474-94B4-FDBF76FFA74B}.Release|Mixed Platforms.ActiveCfg = Release|Any CPU
		{508A1FAA-9157-4474-94B4-FDBF76FFA74B}.Release|Mixed Platforms.Build.0 = Release|Any CPU
		{508A1FAA-9157-4474-94B4-FDBF76FFA74B}.Release|x64.ActiveCfg = Release|Any CPU
		{508A1FAA-9157-4474-94B4-FDBF76FFA74B}.Release|x64.Build.0 = Release|Any CPU
		{508A1FAA-9157-4474-94B4-FDBF76FFA74B}.Release|x86.ActiveCfg = Release|Any CPU
		{508A1FAA-9157-4474-94B4-FDBF76FFA74B}.Release|x86.Build.0 = Release|Any CPU
		{508A1FAA-9157-4474-94B4-FDBF76FFA74B}.Tests|Any CPU.ActiveCfg = Tests|Any CPU
		{508A1FAA-9157-4474-94B4-FDBF76FFA74B}.Tests|Any CPU.Build.0 = Tests|Any CPU
		{508A1FAA-9157-4474-94B4-FDBF76FFA74B}.Tests|Mixed Platforms.ActiveCfg = Tests|Any CPU
		{508A1FAA-9157-4474-94B4-FDBF76FFA74B}.Tests|Mixed Platforms.Build.0 = Tests|Any CPU
		{508A1FAA-9157-4474-94B4-FDBF76FFA74B}.Tests|x64.ActiveCfg = Tests|Any CPU
		{508A1FAA-9157-4474-94B4-FDBF76FFA74B}.Tests|x64.Build.0 = Tests|Any CPU
		{508A1FAA-9157-4474-94B4-FDBF76FFA74B}.Tests|x86.ActiveCfg = Tests|Any CPU
		{508A1FAA-9157-4474-94B4-FDBF76FFA74B}.Tests|x86.Build.0 = Tests|Any CPU
		{512FD53F-9AD1-46A1-A961-9FABDFAD50C5}.Debug|Any CPU.ActiveCfg = Debug|Any CPU
		{512FD53F-9AD1-46A1-A961-9FABDFAD50C5}.Debug|Any CPU.Build.0 = Debug|Any CPU
		{512FD53F-9AD1-46A1-A961-9FABDFAD50C5}.Debug|Mixed Platforms.ActiveCfg = Debug|Any CPU
		{512FD53F-9AD1-46A1-A961-9FABDFAD50C5}.Debug|Mixed Platforms.Build.0 = Debug|Any CPU
		{512FD53F-9AD1-46A1-A961-9FABDFAD50C5}.Debug|x64.ActiveCfg = Debug|Any CPU
		{512FD53F-9AD1-46A1-A961-9FABDFAD50C5}.Debug|x64.Build.0 = Debug|Any CPU
		{512FD53F-9AD1-46A1-A961-9FABDFAD50C5}.Debug|x86.ActiveCfg = Debug|Any CPU
		{512FD53F-9AD1-46A1-A961-9FABDFAD50C5}.Debug|x86.Build.0 = Debug|Any CPU
		{512FD53F-9AD1-46A1-A961-9FABDFAD50C5}.Release|Any CPU.ActiveCfg = Release|Any CPU
		{512FD53F-9AD1-46A1-A961-9FABDFAD50C5}.Release|Any CPU.Build.0 = Release|Any CPU
		{512FD53F-9AD1-46A1-A961-9FABDFAD50C5}.Release|Mixed Platforms.ActiveCfg = Release|Any CPU
		{512FD53F-9AD1-46A1-A961-9FABDFAD50C5}.Release|Mixed Platforms.Build.0 = Release|Any CPU
		{512FD53F-9AD1-46A1-A961-9FABDFAD50C5}.Release|x64.ActiveCfg = Release|Any CPU
		{512FD53F-9AD1-46A1-A961-9FABDFAD50C5}.Release|x64.Build.0 = Release|Any CPU
		{512FD53F-9AD1-46A1-A961-9FABDFAD50C5}.Release|x86.ActiveCfg = Release|Any CPU
		{512FD53F-9AD1-46A1-A961-9FABDFAD50C5}.Release|x86.Build.0 = Release|Any CPU
		{512FD53F-9AD1-46A1-A961-9FABDFAD50C5}.Tests|Any CPU.ActiveCfg = Tests|Any CPU
		{512FD53F-9AD1-46A1-A961-9FABDFAD50C5}.Tests|Any CPU.Build.0 = Tests|Any CPU
		{512FD53F-9AD1-46A1-A961-9FABDFAD50C5}.Tests|Mixed Platforms.ActiveCfg = Tests|Any CPU
		{512FD53F-9AD1-46A1-A961-9FABDFAD50C5}.Tests|Mixed Platforms.Build.0 = Tests|Any CPU
		{512FD53F-9AD1-46A1-A961-9FABDFAD50C5}.Tests|x64.ActiveCfg = Tests|Any CPU
		{512FD53F-9AD1-46A1-A961-9FABDFAD50C5}.Tests|x64.Build.0 = Tests|Any CPU
		{512FD53F-9AD1-46A1-A961-9FABDFAD50C5}.Tests|x86.ActiveCfg = Tests|Any CPU
		{512FD53F-9AD1-46A1-A961-9FABDFAD50C5}.Tests|x86.Build.0 = Tests|Any CPU
		{CD71EBC4-7CD8-47E9-854F-D295805EFADD}.Debug|Any CPU.ActiveCfg = Debug|Any CPU
		{CD71EBC4-7CD8-47E9-854F-D295805EFADD}.Debug|Any CPU.Build.0 = Debug|Any CPU
		{CD71EBC4-7CD8-47E9-854F-D295805EFADD}.Debug|Mixed Platforms.ActiveCfg = Debug|Any CPU
		{CD71EBC4-7CD8-47E9-854F-D295805EFADD}.Debug|Mixed Platforms.Build.0 = Debug|Any CPU
		{CD71EBC4-7CD8-47E9-854F-D295805EFADD}.Debug|x64.ActiveCfg = Debug|Any CPU
		{CD71EBC4-7CD8-47E9-854F-D295805EFADD}.Debug|x64.Build.0 = Debug|Any CPU
		{CD71EBC4-7CD8-47E9-854F-D295805EFADD}.Debug|x86.ActiveCfg = Debug|Any CPU
		{CD71EBC4-7CD8-47E9-854F-D295805EFADD}.Debug|x86.Build.0 = Debug|Any CPU
		{CD71EBC4-7CD8-47E9-854F-D295805EFADD}.Release|Any CPU.ActiveCfg = Release|Any CPU
		{CD71EBC4-7CD8-47E9-854F-D295805EFADD}.Release|Any CPU.Build.0 = Release|Any CPU
		{CD71EBC4-7CD8-47E9-854F-D295805EFADD}.Release|Mixed Platforms.ActiveCfg = Release|Any CPU
		{CD71EBC4-7CD8-47E9-854F-D295805EFADD}.Release|Mixed Platforms.Build.0 = Release|Any CPU
		{CD71EBC4-7CD8-47E9-854F-D295805EFADD}.Release|x64.ActiveCfg = Release|Any CPU
		{CD71EBC4-7CD8-47E9-854F-D295805EFADD}.Release|x64.Build.0 = Release|Any CPU
		{CD71EBC4-7CD8-47E9-854F-D295805EFADD}.Release|x86.ActiveCfg = Release|Any CPU
		{CD71EBC4-7CD8-47E9-854F-D295805EFADD}.Release|x86.Build.0 = Release|Any CPU
		{CD71EBC4-7CD8-47E9-854F-D295805EFADD}.Tests|Any CPU.ActiveCfg = Tests|Any CPU
		{CD71EBC4-7CD8-47E9-854F-D295805EFADD}.Tests|Any CPU.Build.0 = Tests|Any CPU
		{CD71EBC4-7CD8-47E9-854F-D295805EFADD}.Tests|Mixed Platforms.ActiveCfg = Tests|Any CPU
		{CD71EBC4-7CD8-47E9-854F-D295805EFADD}.Tests|Mixed Platforms.Build.0 = Tests|Any CPU
		{CD71EBC4-7CD8-47E9-854F-D295805EFADD}.Tests|x64.ActiveCfg = Tests|Any CPU
		{CD71EBC4-7CD8-47E9-854F-D295805EFADD}.Tests|x64.Build.0 = Tests|Any CPU
		{CD71EBC4-7CD8-47E9-854F-D295805EFADD}.Tests|x86.ActiveCfg = Tests|Any CPU
		{CD71EBC4-7CD8-47E9-854F-D295805EFADD}.Tests|x86.Build.0 = Tests|Any CPU
	EndGlobalSection
	GlobalSection(SolutionProperties) = preSolution
		HideSolutionNode = FALSE
	EndGlobalSection
	GlobalSection(NestedProjects) = preSolution
		{D1ED8FBD-8493-496F-9229-497DD526E1C9} = {2FA78CD1-8A2D-4285-9DDB-FB4E4B46A7C7}
	EndGlobalSection
	GlobalSection(ExtensibilityGlobals) = postSolution
		SolutionGuid = {A980F882-ED32-4E77-981F-A37C0AB1410D}
	EndGlobalSection
	GlobalSection(Performance) = preSolution
		HasPerformanceSessions = true
	EndGlobalSection
EndGlobal
